{
  "version": 4,
  "terraform_version": "0.14.5",
  "serial": 69,
  "lineage": "41551283-05f6-ccd8-7746-7cec3e063813",
  "outputs": {},
  "resources": [
    {
      "mode": "managed",
      "type": "google_compute_firewall",
      "name": "firewall-externalssh",
      "provider": "provider[\"registry.terraform.io/hashicorp/google\"]",
      "instances": [
        {
          "index_key": "node_01",
          "schema_version": 1,
          "attributes": {
            "allow": [
              {
                "ports": [
                  "22"
                ],
                "protocol": "tcp"
              }
            ],
            "creation_timestamp": "2021-02-09T20:56:36.516-08:00",
            "deny": [],
            "description": "",
            "destination_ranges": [],
            "direction": "INGRESS",
            "disabled": false,
            "enable_logging": false,
            "id": "projects/fluid-mix-301105/global/firewalls/firewall-externalssh",
            "name": "firewall-externalssh",
            "network": "https://www.googleapis.com/compute/v1/projects/fluid-mix-301105/global/networks/default",
            "priority": 1000,
            "project": "fluid-mix-301105",
            "self_link": "https://www.googleapis.com/compute/v1/projects/fluid-mix-301105/global/firewalls/firewall-externalssh",
            "source_ranges": [
              "0.0.0.0/0"
            ],
            "source_service_accounts": null,
            "source_tags": null,
            "target_service_accounts": null,
            "target_tags": [
              "externalssh"
            ],
            "timeouts": null
          },
          "sensitive_attributes": [],
          "private": "eyJlMmJmYjczMC1lY2FhLTExZTYtOGY4OC0zNDM2M2JjN2M0YzAiOnsiY3JlYXRlIjoyNDAwMDAwMDAwMDAsImRlbGV0ZSI6MjQwMDAwMDAwMDAwLCJ1cGRhdGUiOjI0MDAwMDAwMDAwMH0sInNjaGVtYV92ZXJzaW9uIjoiMSJ9"
        },
        {
          "index_key": "node_02",
          "schema_version": 1,
          "attributes": {
            "allow": [
              {
                "ports": [
                  "22"
                ],
                "protocol": "tcp"
              }
            ],
            "creation_timestamp": "2021-02-09T20:56:36.513-08:00",
            "deny": [],
            "description": "",
            "destination_ranges": [],
            "direction": "INGRESS",
            "disabled": false,
            "enable_logging": false,
            "id": "projects/adns-project-03/global/firewalls/firewall-externalssh",
            "name": "firewall-externalssh",
            "network": "https://www.googleapis.com/compute/v1/projects/adns-project-03/global/networks/default",
            "priority": 1000,
            "project": "adns-project-03",
            "self_link": "https://www.googleapis.com/compute/v1/projects/adns-project-03/global/firewalls/firewall-externalssh",
            "source_ranges": [
              "0.0.0.0/0"
            ],
            "source_service_accounts": null,
            "source_tags": null,
            "target_service_accounts": null,
            "target_tags": [
              "externalssh"
            ],
            "timeouts": null
          },
          "sensitive_attributes": [],
          "private": "eyJlMmJmYjczMC1lY2FhLTExZTYtOGY4OC0zNDM2M2JjN2M0YzAiOnsiY3JlYXRlIjoyNDAwMDAwMDAwMDAsImRlbGV0ZSI6MjQwMDAwMDAwMDAwLCJ1cGRhdGUiOjI0MDAwMDAwMDAwMH0sInNjaGVtYV92ZXJzaW9uIjoiMSJ9"
        }
      ]
    },
    {
      "mode": "managed",
      "type": "google_compute_instance",
      "name": "vm_instance",
      "provider": "provider[\"registry.terraform.io/hashicorp/google\"]",
      "instances": [
        {
          "index_key": "node_01",
          "schema_version": 6,
          "attributes": {
            "allow_stopping_for_update": null,
            "attached_disk": [],
            "boot_disk": [
              {
                "auto_delete": true,
                "device_name": "persistent-disk-0",
                "disk_encryption_key_raw": "",
                "disk_encryption_key_sha256": "",
                "initialize_params": [
                  {
                    "image": "https://www.googleapis.com/compute/v1/projects/debian-cloud/global/images/debian-10-buster-v20210122",
                    "labels": {},
                    "size": 50,
                    "type": "pd-standard"
                  }
                ],
                "kms_key_self_link": "",
                "mode": "READ_WRITE",
                "source": "https://www.googleapis.com/compute/v1/projects/fluid-mix-301105/zones/us-central1-c/disks/terra-ansi-instance-01"
              }
            ],
            "can_ip_forward": false,
            "cpu_platform": "Intel Haswell",
            "deletion_protection": false,
            "description": "",
            "enable_display": false,
            "guest_accelerator": [],
            "hostname": "",
            "id": "projects/fluid-mix-301105/zones/us-central1-c/instances/terra-ansi-instance-01",
            "instance_id": "4001958084733753697",
            "label_fingerprint": "42WmSpB8rSM=",
            "labels": null,
            "machine_type": "e2-micro",
            "metadata": {
              "ssh-keys": "ssh_user:ssh-rsa AAAAB3NzaC1yc2EAAAADAQABAAABgQDfaLBY72/XHreQ8WwmbjeKtk0TJgJe5QQrVy6qHTvkW4QvvumOu8cxQsXkL13OsYU/pn3U2cDUIEFWd9UlViTFXKr3ekwyT35HZ//fyvVK0C2fUU/oOKvJl5YHjN42wOoGJPhHj6stADQQEWeLMJWfw9DHBrA+P7ArGf+c4c9tHdK3D1mkqYO3EBuedCtngLG8Ja02girb00lL0OEGkwf4orw9DcWq1Ei4pghhp/caaPU3gOCatyiwqJxVlnZejymNk+7Fv+Z8iYLg4edY8JNLawPNSNn4Ooo5PGIZ/UjpeD3a5GfOxPN9Mn/7KbSU0lpSF7u40qOzN5xXW4FBPerOMUjzVmrMz/eplRG3oF6A1ah6iy563vDx0tFlvNCakTHLdJtrehDdDe/t2J12BPWMWRuFLiRZc5ktNpuUG/GK6UIdFKLVG12PTbMoA3qZ5TQ2daNppID/lzSt6Lu322aaNDGeUq4UWY64zZGhzgjKvVaKJ9gjMgUx06SsnY87Wl8= ssh_user\n"
            },
            "metadata_fingerprint": "MuFrhbm0Lk0=",
            "metadata_startup_script": "",
            "min_cpu_platform": "",
            "name": "terra-ansi-instance-01",
            "network_interface": [
              {
                "access_config": [
                  {
                    "nat_ip": "34.122.181.71",
                    "network_tier": "PREMIUM",
                    "public_ptr_domain_name": ""
                  }
                ],
                "alias_ip_range": [],
                "name": "nic0",
                "network": "https://www.googleapis.com/compute/v1/projects/fluid-mix-301105/global/networks/default",
                "network_ip": "10.128.0.33",
                "subnetwork": "https://www.googleapis.com/compute/v1/projects/fluid-mix-301105/regions/us-central1/subnetworks/default",
                "subnetwork_project": "fluid-mix-301105"
              }
            ],
            "project": "fluid-mix-301105",
            "scheduling": [
              {
                "automatic_restart": true,
                "node_affinities": [],
                "on_host_maintenance": "MIGRATE",
                "preemptible": false
              }
            ],
            "scratch_disk": [],
            "self_link": "https://www.googleapis.com/compute/v1/projects/fluid-mix-301105/zones/us-central1-c/instances/terra-ansi-instance-01",
            "service_account": [],
            "shielded_instance_config": [
              {
                "enable_integrity_monitoring": true,
                "enable_secure_boot": false,
                "enable_vtpm": true
              }
            ],
            "tags": [
              "externalssh",
              "http-server",
              "https-server"
            ],
            "tags_fingerprint": "ZYYRvc7Twpc=",
            "timeouts": null,
            "zone": "us-central1-c"
          },
          "sensitive_attributes": [],
          "private": "eyJlMmJmYjczMC1lY2FhLTExZTYtOGY4OC0zNDM2M2JjN2M0YzAiOnsiY3JlYXRlIjoxMjAwMDAwMDAwMDAwLCJkZWxldGUiOjEyMDAwMDAwMDAwMDAsInVwZGF0ZSI6MTIwMDAwMDAwMDAwMH0sInNjaGVtYV92ZXJzaW9uIjoiNiJ9",
          "dependencies": [
            "google_compute_firewall.firewall-externalssh"
          ]
        },
        {
          "index_key": "node_02",
          "schema_version": 6,
          "attributes": {
            "allow_stopping_for_update": null,
            "attached_disk": [],
            "boot_disk": [
              {
                "auto_delete": true,
                "device_name": "persistent-disk-0",
                "disk_encryption_key_raw": "",
                "disk_encryption_key_sha256": "",
                "initialize_params": [
                  {
                    "image": "https://www.googleapis.com/compute/v1/projects/debian-cloud/global/images/debian-10-buster-v20210122",
                    "labels": {},
                    "size": 50,
                    "type": "pd-standard"
                  }
                ],
                "kms_key_self_link": "",
                "mode": "READ_WRITE",
                "source": "https://www.googleapis.com/compute/v1/projects/adns-project-03/zones/asia-east2-a/disks/terra-ansi-instance-02"
              }
            ],
            "can_ip_forward": false,
            "cpu_platform": "Intel Skylake",
            "deletion_protection": false,
            "description": "",
            "enable_display": false,
            "guest_accelerator": [],
            "hostname": "",
            "id": "projects/adns-project-03/zones/asia-east2-a/instances/terra-ansi-instance-02",
            "instance_id": "7840396401850636641",
            "label_fingerprint": "42WmSpB8rSM=",
            "labels": null,
            "machine_type": "e2-micro",
            "metadata": {
              "ssh-keys": "ssh_user:ssh-rsa AAAAB3NzaC1yc2EAAAADAQABAAABgQDfaLBY72/XHreQ8WwmbjeKtk0TJgJe5QQrVy6qHTvkW4QvvumOu8cxQsXkL13OsYU/pn3U2cDUIEFWd9UlViTFXKr3ekwyT35HZ//fyvVK0C2fUU/oOKvJl5YHjN42wOoGJPhHj6stADQQEWeLMJWfw9DHBrA+P7ArGf+c4c9tHdK3D1mkqYO3EBuedCtngLG8Ja02girb00lL0OEGkwf4orw9DcWq1Ei4pghhp/caaPU3gOCatyiwqJxVlnZejymNk+7Fv+Z8iYLg4edY8JNLawPNSNn4Ooo5PGIZ/UjpeD3a5GfOxPN9Mn/7KbSU0lpSF7u40qOzN5xXW4FBPerOMUjzVmrMz/eplRG3oF6A1ah6iy563vDx0tFlvNCakTHLdJtrehDdDe/t2J12BPWMWRuFLiRZc5ktNpuUG/GK6UIdFKLVG12PTbMoA3qZ5TQ2daNppID/lzSt6Lu322aaNDGeUq4UWY64zZGhzgjKvVaKJ9gjMgUx06SsnY87Wl8= ssh_user\n"
            },
            "metadata_fingerprint": "ydQpIYTL5lI=",
            "metadata_startup_script": "",
            "min_cpu_platform": "",
            "name": "terra-ansi-instance-02",
            "network_interface": [
              {
                "access_config": [
                  {
                    "nat_ip": "34.92.204.170",
                    "network_tier": "PREMIUM",
                    "public_ptr_domain_name": ""
                  }
                ],
                "alias_ip_range": [],
                "name": "nic0",
                "network": "https://www.googleapis.com/compute/v1/projects/adns-project-03/global/networks/default",
                "network_ip": "10.170.0.2",
                "subnetwork": "https://www.googleapis.com/compute/v1/projects/adns-project-03/regions/asia-east2/subnetworks/default",
                "subnetwork_project": "adns-project-03"
              }
            ],
            "project": "adns-project-03",
            "scheduling": [
              {
                "automatic_restart": true,
                "node_affinities": [],
                "on_host_maintenance": "MIGRATE",
                "preemptible": false
              }
            ],
            "scratch_disk": [],
            "self_link": "https://www.googleapis.com/compute/v1/projects/adns-project-03/zones/asia-east2-a/instances/terra-ansi-instance-02",
            "service_account": [],
            "shielded_instance_config": [
              {
                "enable_integrity_monitoring": true,
                "enable_secure_boot": false,
                "enable_vtpm": true
              }
            ],
            "tags": [
              "externalssh",
              "http-server",
              "https-server"
            ],
            "tags_fingerprint": "ZYYRvc7Twpc=",
            "timeouts": null,
            "zone": "asia-east2-a"
          },
          "sensitive_attributes": [],
          "private": "eyJlMmJmYjczMC1lY2FhLTExZTYtOGY4OC0zNDM2M2JjN2M0YzAiOnsiY3JlYXRlIjoxMjAwMDAwMDAwMDAwLCJkZWxldGUiOjEyMDAwMDAwMDAwMDAsInVwZGF0ZSI6MTIwMDAwMDAwMDAwMH0sInNjaGVtYV92ZXJzaW9uIjoiNiJ9",
          "dependencies": [
            "google_compute_firewall.firewall-externalssh"
          ]
        }
      ]
    }
  ]
}
