{
  "version": 4,
  "terraform_version": "0.14.5",
  "serial": 175,
  "lineage": "f80c8f79-dd38-127e-643b-c52b00d57e30",
  "outputs": {},
  "resources": [
    {
      "mode": "managed",
      "type": "google_compute_instance",
      "name": "vm_instance",
      "provider": "provider[\"registry.terraform.io/hashicorp/google\"]",
      "instances": [
        {
          "index_key": "node_01",
          "schema_version": 6,
          "attributes": {
            "allow_stopping_for_update": null,
            "attached_disk": [],
            "boot_disk": [
              {
                "auto_delete": true,
                "device_name": "persistent-disk-0",
                "disk_encryption_key_raw": "",
                "disk_encryption_key_sha256": "",
                "initialize_params": [
                  {
                    "image": "https://www.googleapis.com/compute/v1/projects/debian-cloud/global/images/debian-10-buster-v20210122",
                    "labels": {},
                    "size": 50,
                    "type": "pd-standard"
                  }
                ],
                "kms_key_self_link": "",
                "mode": "READ_WRITE",
                "source": "https://www.googleapis.com/compute/v1/projects/fluid-mix-301105/zones/us-central1-c/disks/terra-ansi-instance-01"
              }
            ],
            "can_ip_forward": false,
            "cpu_platform": "Intel Haswell",
            "deletion_protection": false,
            "description": "",
            "enable_display": false,
            "guest_accelerator": [],
            "hostname": "",
            "id": "projects/fluid-mix-301105/zones/us-central1-c/instances/terra-ansi-instance-01",
            "instance_id": "3736284112316214374",
            "label_fingerprint": "42WmSpB8rSM=",
            "labels": null,
            "machine_type": "e2-micro",
            "metadata": {
              "ssh-keys": "ssh_user:ssh-rsa AAAAB3NzaC1yc2EAAAADAQABAAABgQDfaLBY72/XHreQ8WwmbjeKtk0TJgJe5QQrVy6qHTvkW4QvvumOu8cxQsXkL13OsYU/pn3U2cDUIEFWd9UlViTFXKr3ekwyT35HZ//fyvVK0C2fUU/oOKvJl5YHjN42wOoGJPhHj6stADQQEWeLMJWfw9DHBrA+P7ArGf+c4c9tHdK3D1mkqYO3EBuedCtngLG8Ja02girb00lL0OEGkwf4orw9DcWq1Ei4pghhp/caaPU3gOCatyiwqJxVlnZejymNk+7Fv+Z8iYLg4edY8JNLawPNSNn4Ooo5PGIZ/UjpeD3a5GfOxPN9Mn/7KbSU0lpSF7u40qOzN5xXW4FBPerOMUjzVmrMz/eplRG3oF6A1ah6iy563vDx0tFlvNCakTHLdJtrehDdDe/t2J12BPWMWRuFLiRZc5ktNpuUG/GK6UIdFKLVG12PTbMoA3qZ5TQ2daNppID/lzSt6Lu322aaNDGeUq4UWY64zZGhzgjKvVaKJ9gjMgUx06SsnY87Wl8= ssh_user\n"
            },
            "metadata_fingerprint": "MuFrhbm0Lk0=",
            "metadata_startup_script": "",
            "min_cpu_platform": "",
            "name": "terra-ansi-instance-01",
            "network_interface": [
              {
                "access_config": [
                  {
                    "nat_ip": "35.226.76.39",
                    "network_tier": "PREMIUM",
                    "public_ptr_domain_name": ""
                  }
                ],
                "alias_ip_range": [],
                "name": "nic0",
                "network": "https://www.googleapis.com/compute/v1/projects/fluid-mix-301105/global/networks/default",
                "network_ip": "10.128.0.48",
                "subnetwork": "https://www.googleapis.com/compute/v1/projects/fluid-mix-301105/regions/us-central1/subnetworks/default",
                "subnetwork_project": "fluid-mix-301105"
              }
            ],
            "project": "fluid-mix-301105",
            "scheduling": [
              {
                "automatic_restart": true,
                "node_affinities": [],
                "on_host_maintenance": "MIGRATE",
                "preemptible": false
              }
            ],
            "scratch_disk": [],
            "self_link": "https://www.googleapis.com/compute/v1/projects/fluid-mix-301105/zones/us-central1-c/instances/terra-ansi-instance-01",
            "service_account": [],
            "shielded_instance_config": [
              {
                "enable_integrity_monitoring": true,
                "enable_secure_boot": false,
                "enable_vtpm": true
              }
            ],
            "tags": [
              "externalssh",
              "http-server",
              "https-server"
            ],
            "tags_fingerprint": "ZYYRvc7Twpc=",
            "timeouts": null,
            "zone": "us-central1-c"
          },
          "sensitive_attributes": [],
          "private": "eyJlMmJmYjczMC1lY2FhLTExZTYtOGY4OC0zNDM2M2JjN2M0YzAiOnsiY3JlYXRlIjoxMjAwMDAwMDAwMDAwLCJkZWxldGUiOjEyMDAwMDAwMDAwMDAsInVwZGF0ZSI6MTIwMDAwMDAwMDAwMH0sInNjaGVtYV92ZXJzaW9uIjoiNiJ9"
        },
        {
          "index_key": "node_02",
          "schema_version": 6,
          "attributes": {
            "allow_stopping_for_update": null,
            "attached_disk": [],
            "boot_disk": [
              {
                "auto_delete": true,
                "device_name": "persistent-disk-0",
                "disk_encryption_key_raw": "",
                "disk_encryption_key_sha256": "",
                "initialize_params": [
                  {
                    "image": "https://www.googleapis.com/compute/v1/projects/debian-cloud/global/images/debian-10-buster-v20210122",
                    "labels": {},
                    "size": 50,
                    "type": "pd-standard"
                  }
                ],
                "kms_key_self_link": "",
                "mode": "READ_WRITE",
                "source": "https://www.googleapis.com/compute/v1/projects/fluid-mix-301105/zones/us-east1-b/disks/terra-ansi-instance-02"
              }
            ],
            "can_ip_forward": false,
            "cpu_platform": "Intel Haswell",
            "deletion_protection": false,
            "description": "",
            "enable_display": false,
            "guest_accelerator": [],
            "hostname": "",
            "id": "projects/fluid-mix-301105/zones/us-east1-b/instances/terra-ansi-instance-02",
            "instance_id": "4692551730297777254",
            "label_fingerprint": "42WmSpB8rSM=",
            "labels": null,
            "machine_type": "e2-micro",
            "metadata": {
              "ssh-keys": "ssh_user:ssh-rsa AAAAB3NzaC1yc2EAAAADAQABAAABgQDfaLBY72/XHreQ8WwmbjeKtk0TJgJe5QQrVy6qHTvkW4QvvumOu8cxQsXkL13OsYU/pn3U2cDUIEFWd9UlViTFXKr3ekwyT35HZ//fyvVK0C2fUU/oOKvJl5YHjN42wOoGJPhHj6stADQQEWeLMJWfw9DHBrA+P7ArGf+c4c9tHdK3D1mkqYO3EBuedCtngLG8Ja02girb00lL0OEGkwf4orw9DcWq1Ei4pghhp/caaPU3gOCatyiwqJxVlnZejymNk+7Fv+Z8iYLg4edY8JNLawPNSNn4Ooo5PGIZ/UjpeD3a5GfOxPN9Mn/7KbSU0lpSF7u40qOzN5xXW4FBPerOMUjzVmrMz/eplRG3oF6A1ah6iy563vDx0tFlvNCakTHLdJtrehDdDe/t2J12BPWMWRuFLiRZc5ktNpuUG/GK6UIdFKLVG12PTbMoA3qZ5TQ2daNppID/lzSt6Lu322aaNDGeUq4UWY64zZGhzgjKvVaKJ9gjMgUx06SsnY87Wl8= ssh_user\n"
            },
            "metadata_fingerprint": "MuFrhbm0Lk0=",
            "metadata_startup_script": "",
            "min_cpu_platform": "",
            "name": "terra-ansi-instance-02",
            "network_interface": [
              {
                "access_config": [
                  {
                    "nat_ip": "104.196.55.198",
                    "network_tier": "PREMIUM",
                    "public_ptr_domain_name": ""
                  }
                ],
                "alias_ip_range": [],
                "name": "nic0",
                "network": "https://www.googleapis.com/compute/v1/projects/fluid-mix-301105/global/networks/default",
                "network_ip": "10.142.0.7",
                "subnetwork": "https://www.googleapis.com/compute/v1/projects/fluid-mix-301105/regions/us-east1/subnetworks/default",
                "subnetwork_project": "fluid-mix-301105"
              }
            ],
            "project": "fluid-mix-301105",
            "scheduling": [
              {
                "automatic_restart": true,
                "node_affinities": [],
                "on_host_maintenance": "MIGRATE",
                "preemptible": false
              }
            ],
            "scratch_disk": [],
            "self_link": "https://www.googleapis.com/compute/v1/projects/fluid-mix-301105/zones/us-east1-b/instances/terra-ansi-instance-02",
            "service_account": [],
            "shielded_instance_config": [
              {
                "enable_integrity_monitoring": true,
                "enable_secure_boot": false,
                "enable_vtpm": true
              }
            ],
            "tags": [
              "externalssh",
              "http-server",
              "https-server"
            ],
            "tags_fingerprint": "ZYYRvc7Twpc=",
            "timeouts": null,
            "zone": "us-east1-b"
          },
          "sensitive_attributes": [],
          "private": "eyJlMmJmYjczMC1lY2FhLTExZTYtOGY4OC0zNDM2M2JjN2M0YzAiOnsiY3JlYXRlIjoxMjAwMDAwMDAwMDAwLCJkZWxldGUiOjEyMDAwMDAwMDAwMDAsInVwZGF0ZSI6MTIwMDAwMDAwMDAwMH0sInNjaGVtYV92ZXJzaW9uIjoiNiJ9"
        },
        {
          "index_key": "node_03",
          "schema_version": 6,
          "attributes": {
            "allow_stopping_for_update": null,
            "attached_disk": [],
            "boot_disk": [
              {
                "auto_delete": true,
                "device_name": "persistent-disk-0",
                "disk_encryption_key_raw": "",
                "disk_encryption_key_sha256": "",
                "initialize_params": [
                  {
                    "image": "https://www.googleapis.com/compute/v1/projects/debian-cloud/global/images/debian-10-buster-v20210122",
                    "labels": {},
                    "size": 50,
                    "type": "pd-standard"
                  }
                ],
                "kms_key_self_link": "",
                "mode": "READ_WRITE",
                "source": "https://www.googleapis.com/compute/v1/projects/fluid-mix-301105/zones/us-west3-a/disks/terra-ansi-instance-03"
              }
            ],
            "can_ip_forward": false,
            "cpu_platform": "Intel Skylake",
            "deletion_protection": false,
            "description": "",
            "enable_display": false,
            "guest_accelerator": [],
            "hostname": "",
            "id": "projects/fluid-mix-301105/zones/us-west3-a/instances/terra-ansi-instance-03",
            "instance_id": "3295260373393550438",
            "label_fingerprint": "42WmSpB8rSM=",
            "labels": null,
            "machine_type": "e2-micro",
            "metadata": {
              "ssh-keys": "ssh_user:ssh-rsa AAAAB3NzaC1yc2EAAAADAQABAAABgQDfaLBY72/XHreQ8WwmbjeKtk0TJgJe5QQrVy6qHTvkW4QvvumOu8cxQsXkL13OsYU/pn3U2cDUIEFWd9UlViTFXKr3ekwyT35HZ//fyvVK0C2fUU/oOKvJl5YHjN42wOoGJPhHj6stADQQEWeLMJWfw9DHBrA+P7ArGf+c4c9tHdK3D1mkqYO3EBuedCtngLG8Ja02girb00lL0OEGkwf4orw9DcWq1Ei4pghhp/caaPU3gOCatyiwqJxVlnZejymNk+7Fv+Z8iYLg4edY8JNLawPNSNn4Ooo5PGIZ/UjpeD3a5GfOxPN9Mn/7KbSU0lpSF7u40qOzN5xXW4FBPerOMUjzVmrMz/eplRG3oF6A1ah6iy563vDx0tFlvNCakTHLdJtrehDdDe/t2J12BPWMWRuFLiRZc5ktNpuUG/GK6UIdFKLVG12PTbMoA3qZ5TQ2daNppID/lzSt6Lu322aaNDGeUq4UWY64zZGhzgjKvVaKJ9gjMgUx06SsnY87Wl8= ssh_user\n"
            },
            "metadata_fingerprint": "MuFrhbm0Lk0=",
            "metadata_startup_script": "",
            "min_cpu_platform": "",
            "name": "terra-ansi-instance-03",
            "network_interface": [
              {
                "access_config": [
                  {
                    "nat_ip": "34.106.41.140",
                    "network_tier": "PREMIUM",
                    "public_ptr_domain_name": ""
                  }
                ],
                "alias_ip_range": [],
                "name": "nic0",
                "network": "https://www.googleapis.com/compute/v1/projects/fluid-mix-301105/global/networks/default",
                "network_ip": "10.180.0.6",
                "subnetwork": "https://www.googleapis.com/compute/v1/projects/fluid-mix-301105/regions/us-west3/subnetworks/default",
                "subnetwork_project": "fluid-mix-301105"
              }
            ],
            "project": "fluid-mix-301105",
            "scheduling": [
              {
                "automatic_restart": true,
                "node_affinities": [],
                "on_host_maintenance": "MIGRATE",
                "preemptible": false
              }
            ],
            "scratch_disk": [],
            "self_link": "https://www.googleapis.com/compute/v1/projects/fluid-mix-301105/zones/us-west3-a/instances/terra-ansi-instance-03",
            "service_account": [],
            "shielded_instance_config": [
              {
                "enable_integrity_monitoring": true,
                "enable_secure_boot": false,
                "enable_vtpm": true
              }
            ],
            "tags": [
              "externalssh",
              "http-server",
              "https-server"
            ],
            "tags_fingerprint": "ZYYRvc7Twpc=",
            "timeouts": null,
            "zone": "us-west3-a"
          },
          "sensitive_attributes": [],
          "private": "eyJlMmJmYjczMC1lY2FhLTExZTYtOGY4OC0zNDM2M2JjN2M0YzAiOnsiY3JlYXRlIjoxMjAwMDAwMDAwMDAwLCJkZWxldGUiOjEyMDAwMDAwMDAwMDAsInVwZGF0ZSI6MTIwMDAwMDAwMDAwMH0sInNjaGVtYV92ZXJzaW9uIjoiNiJ9"
        },
        {
          "index_key": "node_04",
          "schema_version": 6,
          "attributes": {
            "allow_stopping_for_update": null,
            "attached_disk": [],
            "boot_disk": [
              {
                "auto_delete": true,
                "device_name": "persistent-disk-0",
                "disk_encryption_key_raw": "",
                "disk_encryption_key_sha256": "",
                "initialize_params": [
                  {
                    "image": "https://www.googleapis.com/compute/v1/projects/debian-cloud/global/images/debian-10-buster-v20210122",
                    "labels": {},
                    "size": 50,
                    "type": "pd-standard"
                  }
                ],
                "kms_key_self_link": "",
                "mode": "READ_WRITE",
                "source": "https://www.googleapis.com/compute/v1/projects/fluid-mix-301105/zones/europe-west2-a/disks/terra-ansi-instance-04"
              }
            ],
            "can_ip_forward": false,
            "cpu_platform": "Intel Broadwell",
            "deletion_protection": false,
            "description": "",
            "enable_display": false,
            "guest_accelerator": [],
            "hostname": "",
            "id": "projects/fluid-mix-301105/zones/europe-west2-a/instances/terra-ansi-instance-04",
            "instance_id": "3024060556182760550",
            "label_fingerprint": "42WmSpB8rSM=",
            "labels": null,
            "machine_type": "e2-micro",
            "metadata": {
              "ssh-keys": "ssh_user:ssh-rsa AAAAB3NzaC1yc2EAAAADAQABAAABgQDfaLBY72/XHreQ8WwmbjeKtk0TJgJe5QQrVy6qHTvkW4QvvumOu8cxQsXkL13OsYU/pn3U2cDUIEFWd9UlViTFXKr3ekwyT35HZ//fyvVK0C2fUU/oOKvJl5YHjN42wOoGJPhHj6stADQQEWeLMJWfw9DHBrA+P7ArGf+c4c9tHdK3D1mkqYO3EBuedCtngLG8Ja02girb00lL0OEGkwf4orw9DcWq1Ei4pghhp/caaPU3gOCatyiwqJxVlnZejymNk+7Fv+Z8iYLg4edY8JNLawPNSNn4Ooo5PGIZ/UjpeD3a5GfOxPN9Mn/7KbSU0lpSF7u40qOzN5xXW4FBPerOMUjzVmrMz/eplRG3oF6A1ah6iy563vDx0tFlvNCakTHLdJtrehDdDe/t2J12BPWMWRuFLiRZc5ktNpuUG/GK6UIdFKLVG12PTbMoA3qZ5TQ2daNppID/lzSt6Lu322aaNDGeUq4UWY64zZGhzgjKvVaKJ9gjMgUx06SsnY87Wl8= ssh_user\n"
            },
            "metadata_fingerprint": "MuFrhbm0Lk0=",
            "metadata_startup_script": "",
            "min_cpu_platform": "",
            "name": "terra-ansi-instance-04",
            "network_interface": [
              {
                "access_config": [
                  {
                    "nat_ip": "35.242.128.137",
                    "network_tier": "PREMIUM",
                    "public_ptr_domain_name": ""
                  }
                ],
                "alias_ip_range": [],
                "name": "nic0",
                "network": "https://www.googleapis.com/compute/v1/projects/fluid-mix-301105/global/networks/default",
                "network_ip": "10.154.0.8",
                "subnetwork": "https://www.googleapis.com/compute/v1/projects/fluid-mix-301105/regions/europe-west2/subnetworks/default",
                "subnetwork_project": "fluid-mix-301105"
              }
            ],
            "project": "fluid-mix-301105",
            "scheduling": [
              {
                "automatic_restart": true,
                "node_affinities": [],
                "on_host_maintenance": "MIGRATE",
                "preemptible": false
              }
            ],
            "scratch_disk": [],
            "self_link": "https://www.googleapis.com/compute/v1/projects/fluid-mix-301105/zones/europe-west2-a/instances/terra-ansi-instance-04",
            "service_account": [],
            "shielded_instance_config": [
              {
                "enable_integrity_monitoring": true,
                "enable_secure_boot": false,
                "enable_vtpm": true
              }
            ],
            "tags": [
              "externalssh",
              "http-server",
              "https-server"
            ],
            "tags_fingerprint": "ZYYRvc7Twpc=",
            "timeouts": null,
            "zone": "europe-west2-a"
          },
          "sensitive_attributes": [],
          "private": "eyJlMmJmYjczMC1lY2FhLTExZTYtOGY4OC0zNDM2M2JjN2M0YzAiOnsiY3JlYXRlIjoxMjAwMDAwMDAwMDAwLCJkZWxldGUiOjEyMDAwMDAwMDAwMDAsInVwZGF0ZSI6MTIwMDAwMDAwMDAwMH0sInNjaGVtYV92ZXJzaW9uIjoiNiJ9"
        },
        {
          "index_key": "node_05",
          "schema_version": 6,
          "attributes": {
            "allow_stopping_for_update": null,
            "attached_disk": [],
            "boot_disk": [
              {
                "auto_delete": true,
                "device_name": "persistent-disk-0",
                "disk_encryption_key_raw": "",
                "disk_encryption_key_sha256": "",
                "initialize_params": [
                  {
                    "image": "https://www.googleapis.com/compute/v1/projects/debian-cloud/global/images/debian-10-buster-v20210122",
                    "labels": {},
                    "size": 50,
                    "type": "pd-standard"
                  }
                ],
                "kms_key_self_link": "",
                "mode": "READ_WRITE",
                "source": "https://www.googleapis.com/compute/v1/projects/adns-project-03/zones/europe-west4-a/disks/terra-ansi-instance-05"
              }
            ],
            "can_ip_forward": false,
            "cpu_platform": "Intel Skylake",
            "deletion_protection": false,
            "description": "",
            "enable_display": false,
            "guest_accelerator": [],
            "hostname": "",
            "id": "projects/adns-project-03/zones/europe-west4-a/instances/terra-ansi-instance-05",
            "instance_id": "1817983140456246374",
            "label_fingerprint": "42WmSpB8rSM=",
            "labels": null,
            "machine_type": "e2-micro",
            "metadata": {
              "ssh-keys": "ssh_user:ssh-rsa AAAAB3NzaC1yc2EAAAADAQABAAABgQDfaLBY72/XHreQ8WwmbjeKtk0TJgJe5QQrVy6qHTvkW4QvvumOu8cxQsXkL13OsYU/pn3U2cDUIEFWd9UlViTFXKr3ekwyT35HZ//fyvVK0C2fUU/oOKvJl5YHjN42wOoGJPhHj6stADQQEWeLMJWfw9DHBrA+P7ArGf+c4c9tHdK3D1mkqYO3EBuedCtngLG8Ja02girb00lL0OEGkwf4orw9DcWq1Ei4pghhp/caaPU3gOCatyiwqJxVlnZejymNk+7Fv+Z8iYLg4edY8JNLawPNSNn4Ooo5PGIZ/UjpeD3a5GfOxPN9Mn/7KbSU0lpSF7u40qOzN5xXW4FBPerOMUjzVmrMz/eplRG3oF6A1ah6iy563vDx0tFlvNCakTHLdJtrehDdDe/t2J12BPWMWRuFLiRZc5ktNpuUG/GK6UIdFKLVG12PTbMoA3qZ5TQ2daNppID/lzSt6Lu322aaNDGeUq4UWY64zZGhzgjKvVaKJ9gjMgUx06SsnY87Wl8= ssh_user\n"
            },
            "metadata_fingerprint": "ydQpIYTL5lI=",
            "metadata_startup_script": "",
            "min_cpu_platform": "",
            "name": "terra-ansi-instance-05",
            "network_interface": [
              {
                "access_config": [
                  {
                    "nat_ip": "34.90.213.187",
                    "network_tier": "PREMIUM",
                    "public_ptr_domain_name": ""
                  }
                ],
                "alias_ip_range": [],
                "name": "nic0",
                "network": "https://www.googleapis.com/compute/v1/projects/adns-project-03/global/networks/default",
                "network_ip": "10.164.0.6",
                "subnetwork": "https://www.googleapis.com/compute/v1/projects/adns-project-03/regions/europe-west4/subnetworks/default",
                "subnetwork_project": "adns-project-03"
              }
            ],
            "project": "adns-project-03",
            "scheduling": [
              {
                "automatic_restart": true,
                "node_affinities": [],
                "on_host_maintenance": "MIGRATE",
                "preemptible": false
              }
            ],
            "scratch_disk": [],
            "self_link": "https://www.googleapis.com/compute/v1/projects/adns-project-03/zones/europe-west4-a/instances/terra-ansi-instance-05",
            "service_account": [],
            "shielded_instance_config": [
              {
                "enable_integrity_monitoring": true,
                "enable_secure_boot": false,
                "enable_vtpm": true
              }
            ],
            "tags": [
              "externalssh",
              "http-server",
              "https-server"
            ],
            "tags_fingerprint": "ZYYRvc7Twpc=",
            "timeouts": null,
            "zone": "europe-west4-a"
          },
          "sensitive_attributes": [],
          "private": "eyJlMmJmYjczMC1lY2FhLTExZTYtOGY4OC0zNDM2M2JjN2M0YzAiOnsiY3JlYXRlIjoxMjAwMDAwMDAwMDAwLCJkZWxldGUiOjEyMDAwMDAwMDAwMDAsInVwZGF0ZSI6MTIwMDAwMDAwMDAwMH0sInNjaGVtYV92ZXJzaW9uIjoiNiJ9"
        },
        {
          "index_key": "node_06",
          "schema_version": 6,
          "attributes": {
            "allow_stopping_for_update": null,
            "attached_disk": [],
            "boot_disk": [
              {
                "auto_delete": true,
                "device_name": "persistent-disk-0",
                "disk_encryption_key_raw": "",
                "disk_encryption_key_sha256": "",
                "initialize_params": [
                  {
                    "image": "https://www.googleapis.com/compute/v1/projects/debian-cloud/global/images/debian-10-buster-v20210122",
                    "labels": {},
                    "size": 50,
                    "type": "pd-standard"
                  }
                ],
                "kms_key_self_link": "",
                "mode": "READ_WRITE",
                "source": "https://www.googleapis.com/compute/v1/projects/adns-project-03/zones/europe-north1-a/disks/terra-ansi-instance-06"
              }
            ],
            "can_ip_forward": false,
            "cpu_platform": "Intel Skylake",
            "deletion_protection": false,
            "description": "",
            "enable_display": false,
            "guest_accelerator": [],
            "hostname": "",
            "id": "projects/adns-project-03/zones/europe-north1-a/instances/terra-ansi-instance-06",
            "instance_id": "8807521619846835302",
            "label_fingerprint": "42WmSpB8rSM=",
            "labels": null,
            "machine_type": "e2-micro",
            "metadata": {
              "ssh-keys": "ssh_user:ssh-rsa AAAAB3NzaC1yc2EAAAADAQABAAABgQDfaLBY72/XHreQ8WwmbjeKtk0TJgJe5QQrVy6qHTvkW4QvvumOu8cxQsXkL13OsYU/pn3U2cDUIEFWd9UlViTFXKr3ekwyT35HZ//fyvVK0C2fUU/oOKvJl5YHjN42wOoGJPhHj6stADQQEWeLMJWfw9DHBrA+P7ArGf+c4c9tHdK3D1mkqYO3EBuedCtngLG8Ja02girb00lL0OEGkwf4orw9DcWq1Ei4pghhp/caaPU3gOCatyiwqJxVlnZejymNk+7Fv+Z8iYLg4edY8JNLawPNSNn4Ooo5PGIZ/UjpeD3a5GfOxPN9Mn/7KbSU0lpSF7u40qOzN5xXW4FBPerOMUjzVmrMz/eplRG3oF6A1ah6iy563vDx0tFlvNCakTHLdJtrehDdDe/t2J12BPWMWRuFLiRZc5ktNpuUG/GK6UIdFKLVG12PTbMoA3qZ5TQ2daNppID/lzSt6Lu322aaNDGeUq4UWY64zZGhzgjKvVaKJ9gjMgUx06SsnY87Wl8= ssh_user\n"
            },
            "metadata_fingerprint": "ydQpIYTL5lI=",
            "metadata_startup_script": "",
            "min_cpu_platform": "",
            "name": "terra-ansi-instance-06",
            "network_interface": [
              {
                "access_config": [
                  {
                    "nat_ip": "35.228.101.216",
                    "network_tier": "PREMIUM",
                    "public_ptr_domain_name": ""
                  }
                ],
                "alias_ip_range": [],
                "name": "nic0",
                "network": "https://www.googleapis.com/compute/v1/projects/adns-project-03/global/networks/default",
                "network_ip": "10.166.0.6",
                "subnetwork": "https://www.googleapis.com/compute/v1/projects/adns-project-03/regions/europe-north1/subnetworks/default",
                "subnetwork_project": "adns-project-03"
              }
            ],
            "project": "adns-project-03",
            "scheduling": [
              {
                "automatic_restart": true,
                "node_affinities": [],
                "on_host_maintenance": "MIGRATE",
                "preemptible": false
              }
            ],
            "scratch_disk": [],
            "self_link": "https://www.googleapis.com/compute/v1/projects/adns-project-03/zones/europe-north1-a/instances/terra-ansi-instance-06",
            "service_account": [],
            "shielded_instance_config": [
              {
                "enable_integrity_monitoring": true,
                "enable_secure_boot": false,
                "enable_vtpm": true
              }
            ],
            "tags": [
              "externalssh",
              "http-server",
              "https-server"
            ],
            "tags_fingerprint": "ZYYRvc7Twpc=",
            "timeouts": null,
            "zone": "europe-north1-a"
          },
          "sensitive_attributes": [],
          "private": "eyJlMmJmYjczMC1lY2FhLTExZTYtOGY4OC0zNDM2M2JjN2M0YzAiOnsiY3JlYXRlIjoxMjAwMDAwMDAwMDAwLCJkZWxldGUiOjEyMDAwMDAwMDAwMDAsInVwZGF0ZSI6MTIwMDAwMDAwMDAwMH0sInNjaGVtYV92ZXJzaW9uIjoiNiJ9"
        },
        {
          "index_key": "node_07",
          "schema_version": 6,
          "attributes": {
            "allow_stopping_for_update": null,
            "attached_disk": [],
            "boot_disk": [
              {
                "auto_delete": true,
                "device_name": "persistent-disk-0",
                "disk_encryption_key_raw": "",
                "disk_encryption_key_sha256": "",
                "initialize_params": [
                  {
                    "image": "https://www.googleapis.com/compute/v1/projects/debian-cloud/global/images/debian-10-buster-v20210122",
                    "labels": {},
                    "size": 50,
                    "type": "pd-standard"
                  }
                ],
                "kms_key_self_link": "",
                "mode": "READ_WRITE",
                "source": "https://www.googleapis.com/compute/v1/projects/adns-project-03/zones/europe-west6-a/disks/terra-ansi-instance-07"
              }
            ],
            "can_ip_forward": false,
            "cpu_platform": "Intel Skylake",
            "deletion_protection": false,
            "description": "",
            "enable_display": false,
            "guest_accelerator": [],
            "hostname": "",
            "id": "projects/adns-project-03/zones/europe-west6-a/instances/terra-ansi-instance-07",
            "instance_id": "653193236756245775",
            "label_fingerprint": "42WmSpB8rSM=",
            "labels": null,
            "machine_type": "e2-micro",
            "metadata": {
              "ssh-keys": "ssh_user:ssh-rsa AAAAB3NzaC1yc2EAAAADAQABAAABgQDfaLBY72/XHreQ8WwmbjeKtk0TJgJe5QQrVy6qHTvkW4QvvumOu8cxQsXkL13OsYU/pn3U2cDUIEFWd9UlViTFXKr3ekwyT35HZ//fyvVK0C2fUU/oOKvJl5YHjN42wOoGJPhHj6stADQQEWeLMJWfw9DHBrA+P7ArGf+c4c9tHdK3D1mkqYO3EBuedCtngLG8Ja02girb00lL0OEGkwf4orw9DcWq1Ei4pghhp/caaPU3gOCatyiwqJxVlnZejymNk+7Fv+Z8iYLg4edY8JNLawPNSNn4Ooo5PGIZ/UjpeD3a5GfOxPN9Mn/7KbSU0lpSF7u40qOzN5xXW4FBPerOMUjzVmrMz/eplRG3oF6A1ah6iy563vDx0tFlvNCakTHLdJtrehDdDe/t2J12BPWMWRuFLiRZc5ktNpuUG/GK6UIdFKLVG12PTbMoA3qZ5TQ2daNppID/lzSt6Lu322aaNDGeUq4UWY64zZGhzgjKvVaKJ9gjMgUx06SsnY87Wl8= ssh_user\n"
            },
            "metadata_fingerprint": "ydQpIYTL5lI=",
            "metadata_startup_script": "",
            "min_cpu_platform": "",
            "name": "terra-ansi-instance-07",
            "network_interface": [
              {
                "access_config": [
                  {
                    "nat_ip": "34.65.67.127",
                    "network_tier": "PREMIUM",
                    "public_ptr_domain_name": ""
                  }
                ],
                "alias_ip_range": [],
                "name": "nic0",
                "network": "https://www.googleapis.com/compute/v1/projects/adns-project-03/global/networks/default",
                "network_ip": "10.172.0.6",
                "subnetwork": "https://www.googleapis.com/compute/v1/projects/adns-project-03/regions/europe-west6/subnetworks/default",
                "subnetwork_project": "adns-project-03"
              }
            ],
            "project": "adns-project-03",
            "scheduling": [
              {
                "automatic_restart": true,
                "node_affinities": [],
                "on_host_maintenance": "MIGRATE",
                "preemptible": false
              }
            ],
            "scratch_disk": [],
            "self_link": "https://www.googleapis.com/compute/v1/projects/adns-project-03/zones/europe-west6-a/instances/terra-ansi-instance-07",
            "service_account": [],
            "shielded_instance_config": [
              {
                "enable_integrity_monitoring": true,
                "enable_secure_boot": false,
                "enable_vtpm": true
              }
            ],
            "tags": [
              "externalssh",
              "http-server",
              "https-server"
            ],
            "tags_fingerprint": "ZYYRvc7Twpc=",
            "timeouts": null,
            "zone": "europe-west6-a"
          },
          "sensitive_attributes": [],
          "private": "eyJlMmJmYjczMC1lY2FhLTExZTYtOGY4OC0zNDM2M2JjN2M0YzAiOnsiY3JlYXRlIjoxMjAwMDAwMDAwMDAwLCJkZWxldGUiOjEyMDAwMDAwMDAwMDAsInVwZGF0ZSI6MTIwMDAwMDAwMDAwMH0sInNjaGVtYV92ZXJzaW9uIjoiNiJ9"
        },
        {
          "index_key": "node_08",
          "schema_version": 6,
          "attributes": {
            "allow_stopping_for_update": null,
            "attached_disk": [],
            "boot_disk": [
              {
                "auto_delete": true,
                "device_name": "persistent-disk-0",
                "disk_encryption_key_raw": "",
                "disk_encryption_key_sha256": "",
                "initialize_params": [
                  {
                    "image": "https://www.googleapis.com/compute/v1/projects/debian-cloud/global/images/debian-10-buster-v20210122",
                    "labels": {},
                    "size": 50,
                    "type": "pd-standard"
                  }
                ],
                "kms_key_self_link": "",
                "mode": "READ_WRITE",
                "source": "https://www.googleapis.com/compute/v1/projects/adns-project-03/zones/asia-east2-a/disks/terra-ansi-instance-08"
              }
            ],
            "can_ip_forward": false,
            "cpu_platform": "Intel Skylake",
            "deletion_protection": false,
            "description": "",
            "enable_display": false,
            "guest_accelerator": [],
            "hostname": "",
            "id": "projects/adns-project-03/zones/asia-east2-a/instances/terra-ansi-instance-08",
            "instance_id": "1112101837974744166",
            "label_fingerprint": "42WmSpB8rSM=",
            "labels": null,
            "machine_type": "e2-micro",
            "metadata": {
              "ssh-keys": "ssh_user:ssh-rsa AAAAB3NzaC1yc2EAAAADAQABAAABgQDfaLBY72/XHreQ8WwmbjeKtk0TJgJe5QQrVy6qHTvkW4QvvumOu8cxQsXkL13OsYU/pn3U2cDUIEFWd9UlViTFXKr3ekwyT35HZ//fyvVK0C2fUU/oOKvJl5YHjN42wOoGJPhHj6stADQQEWeLMJWfw9DHBrA+P7ArGf+c4c9tHdK3D1mkqYO3EBuedCtngLG8Ja02girb00lL0OEGkwf4orw9DcWq1Ei4pghhp/caaPU3gOCatyiwqJxVlnZejymNk+7Fv+Z8iYLg4edY8JNLawPNSNn4Ooo5PGIZ/UjpeD3a5GfOxPN9Mn/7KbSU0lpSF7u40qOzN5xXW4FBPerOMUjzVmrMz/eplRG3oF6A1ah6iy563vDx0tFlvNCakTHLdJtrehDdDe/t2J12BPWMWRuFLiRZc5ktNpuUG/GK6UIdFKLVG12PTbMoA3qZ5TQ2daNppID/lzSt6Lu322aaNDGeUq4UWY64zZGhzgjKvVaKJ9gjMgUx06SsnY87Wl8= ssh_user\n"
            },
            "metadata_fingerprint": "ydQpIYTL5lI=",
            "metadata_startup_script": "",
            "min_cpu_platform": "",
            "name": "terra-ansi-instance-08",
            "network_interface": [
              {
                "access_config": [
                  {
                    "nat_ip": "34.92.204.170",
                    "network_tier": "PREMIUM",
                    "public_ptr_domain_name": ""
                  }
                ],
                "alias_ip_range": [],
                "name": "nic0",
                "network": "https://www.googleapis.com/compute/v1/projects/adns-project-03/global/networks/default",
                "network_ip": "10.170.0.8",
                "subnetwork": "https://www.googleapis.com/compute/v1/projects/adns-project-03/regions/asia-east2/subnetworks/default",
                "subnetwork_project": "adns-project-03"
              }
            ],
            "project": "adns-project-03",
            "scheduling": [
              {
                "automatic_restart": true,
                "node_affinities": [],
                "on_host_maintenance": "MIGRATE",
                "preemptible": false
              }
            ],
            "scratch_disk": [],
            "self_link": "https://www.googleapis.com/compute/v1/projects/adns-project-03/zones/asia-east2-a/instances/terra-ansi-instance-08",
            "service_account": [],
            "shielded_instance_config": [
              {
                "enable_integrity_monitoring": true,
                "enable_secure_boot": false,
                "enable_vtpm": true
              }
            ],
            "tags": [
              "externalssh",
              "http-server",
              "https-server"
            ],
            "tags_fingerprint": "ZYYRvc7Twpc=",
            "timeouts": null,
            "zone": "asia-east2-a"
          },
          "sensitive_attributes": [],
          "private": "eyJlMmJmYjczMC1lY2FhLTExZTYtOGY4OC0zNDM2M2JjN2M0YzAiOnsiY3JlYXRlIjoxMjAwMDAwMDAwMDAwLCJkZWxldGUiOjEyMDAwMDAwMDAwMDAsInVwZGF0ZSI6MTIwMDAwMDAwMDAwMH0sInNjaGVtYV92ZXJzaW9uIjoiNiJ9"
        },
        {
          "index_key": "node_09",
          "schema_version": 6,
          "attributes": {
            "allow_stopping_for_update": null,
            "attached_disk": [],
            "boot_disk": [
              {
                "auto_delete": true,
                "device_name": "persistent-disk-0",
                "disk_encryption_key_raw": "",
                "disk_encryption_key_sha256": "",
                "initialize_params": [
                  {
                    "image": "https://www.googleapis.com/compute/v1/projects/debian-cloud/global/images/debian-10-buster-v20210122",
                    "labels": {},
                    "size": 50,
                    "type": "pd-standard"
                  }
                ],
                "kms_key_self_link": "",
                "mode": "READ_WRITE",
                "source": "https://www.googleapis.com/compute/v1/projects/adns-project-04/zones/asia-northeast1-a/disks/terra-ansi-instance-09"
              }
            ],
            "can_ip_forward": false,
            "cpu_platform": "Intel Broadwell",
            "deletion_protection": false,
            "description": "",
            "enable_display": false,
            "guest_accelerator": [],
            "hostname": "",
            "id": "projects/adns-project-04/zones/asia-northeast1-a/instances/terra-ansi-instance-09",
            "instance_id": "6544746786035805286",
            "label_fingerprint": "42WmSpB8rSM=",
            "labels": null,
            "machine_type": "e2-micro",
            "metadata": {
              "ssh-keys": "ssh_user:ssh-rsa AAAAB3NzaC1yc2EAAAADAQABAAABgQDfaLBY72/XHreQ8WwmbjeKtk0TJgJe5QQrVy6qHTvkW4QvvumOu8cxQsXkL13OsYU/pn3U2cDUIEFWd9UlViTFXKr3ekwyT35HZ//fyvVK0C2fUU/oOKvJl5YHjN42wOoGJPhHj6stADQQEWeLMJWfw9DHBrA+P7ArGf+c4c9tHdK3D1mkqYO3EBuedCtngLG8Ja02girb00lL0OEGkwf4orw9DcWq1Ei4pghhp/caaPU3gOCatyiwqJxVlnZejymNk+7Fv+Z8iYLg4edY8JNLawPNSNn4Ooo5PGIZ/UjpeD3a5GfOxPN9Mn/7KbSU0lpSF7u40qOzN5xXW4FBPerOMUjzVmrMz/eplRG3oF6A1ah6iy563vDx0tFlvNCakTHLdJtrehDdDe/t2J12BPWMWRuFLiRZc5ktNpuUG/GK6UIdFKLVG12PTbMoA3qZ5TQ2daNppID/lzSt6Lu322aaNDGeUq4UWY64zZGhzgjKvVaKJ9gjMgUx06SsnY87Wl8= ssh_user\n"
            },
            "metadata_fingerprint": "wKmXeEq5XvM=",
            "metadata_startup_script": "",
            "min_cpu_platform": "",
            "name": "terra-ansi-instance-09",
            "network_interface": [
              {
                "access_config": [
                  {
                    "nat_ip": "34.84.229.181",
                    "network_tier": "PREMIUM",
                    "public_ptr_domain_name": ""
                  }
                ],
                "alias_ip_range": [],
                "name": "nic0",
                "network": "https://www.googleapis.com/compute/v1/projects/adns-project-04/global/networks/default",
                "network_ip": "10.146.0.7",
                "subnetwork": "https://www.googleapis.com/compute/v1/projects/adns-project-04/regions/asia-northeast1/subnetworks/default",
                "subnetwork_project": "adns-project-04"
              }
            ],
            "project": "adns-project-04",
            "scheduling": [
              {
                "automatic_restart": true,
                "node_affinities": [],
                "on_host_maintenance": "MIGRATE",
                "preemptible": false
              }
            ],
            "scratch_disk": [],
            "self_link": "https://www.googleapis.com/compute/v1/projects/adns-project-04/zones/asia-northeast1-a/instances/terra-ansi-instance-09",
            "service_account": [],
            "shielded_instance_config": [
              {
                "enable_integrity_monitoring": true,
                "enable_secure_boot": false,
                "enable_vtpm": true
              }
            ],
            "tags": [
              "externalssh",
              "http-server",
              "https-server"
            ],
            "tags_fingerprint": "ZYYRvc7Twpc=",
            "timeouts": null,
            "zone": "asia-northeast1-a"
          },
          "sensitive_attributes": [],
          "private": "eyJlMmJmYjczMC1lY2FhLTExZTYtOGY4OC0zNDM2M2JjN2M0YzAiOnsiY3JlYXRlIjoxMjAwMDAwMDAwMDAwLCJkZWxldGUiOjEyMDAwMDAwMDAwMDAsInVwZGF0ZSI6MTIwMDAwMDAwMDAwMH0sInNjaGVtYV92ZXJzaW9uIjoiNiJ9"
        },
        {
          "index_key": "node_10",
          "schema_version": 6,
          "attributes": {
            "allow_stopping_for_update": null,
            "attached_disk": [],
            "boot_disk": [
              {
                "auto_delete": true,
                "device_name": "persistent-disk-0",
                "disk_encryption_key_raw": "",
                "disk_encryption_key_sha256": "",
                "initialize_params": [
                  {
                    "image": "https://www.googleapis.com/compute/v1/projects/debian-cloud/global/images/debian-10-buster-v20210122",
                    "labels": {},
                    "size": 50,
                    "type": "pd-standard"
                  }
                ],
                "kms_key_self_link": "",
                "mode": "READ_WRITE",
                "source": "https://www.googleapis.com/compute/v1/projects/adns-project-04/zones/asia-northeast3-a/disks/terra-ansi-instance-10"
              }
            ],
            "can_ip_forward": false,
            "cpu_platform": "Intel Skylake",
            "deletion_protection": false,
            "description": "",
            "enable_display": false,
            "guest_accelerator": [],
            "hostname": "",
            "id": "projects/adns-project-04/zones/asia-northeast3-a/instances/terra-ansi-instance-10",
            "instance_id": "760002738331004224",
            "label_fingerprint": "42WmSpB8rSM=",
            "labels": null,
            "machine_type": "e2-micro",
            "metadata": {
              "ssh-keys": "ssh_user:ssh-rsa AAAAB3NzaC1yc2EAAAADAQABAAABgQDfaLBY72/XHreQ8WwmbjeKtk0TJgJe5QQrVy6qHTvkW4QvvumOu8cxQsXkL13OsYU/pn3U2cDUIEFWd9UlViTFXKr3ekwyT35HZ//fyvVK0C2fUU/oOKvJl5YHjN42wOoGJPhHj6stADQQEWeLMJWfw9DHBrA+P7ArGf+c4c9tHdK3D1mkqYO3EBuedCtngLG8Ja02girb00lL0OEGkwf4orw9DcWq1Ei4pghhp/caaPU3gOCatyiwqJxVlnZejymNk+7Fv+Z8iYLg4edY8JNLawPNSNn4Ooo5PGIZ/UjpeD3a5GfOxPN9Mn/7KbSU0lpSF7u40qOzN5xXW4FBPerOMUjzVmrMz/eplRG3oF6A1ah6iy563vDx0tFlvNCakTHLdJtrehDdDe/t2J12BPWMWRuFLiRZc5ktNpuUG/GK6UIdFKLVG12PTbMoA3qZ5TQ2daNppID/lzSt6Lu322aaNDGeUq4UWY64zZGhzgjKvVaKJ9gjMgUx06SsnY87Wl8= ssh_user\n"
            },
            "metadata_fingerprint": "wKmXeEq5XvM=",
            "metadata_startup_script": "",
            "min_cpu_platform": "",
            "name": "terra-ansi-instance-10",
            "network_interface": [
              {
                "access_config": [
                  {
                    "nat_ip": "34.64.220.245",
                    "network_tier": "PREMIUM",
                    "public_ptr_domain_name": ""
                  }
                ],
                "alias_ip_range": [],
                "name": "nic0",
                "network": "https://www.googleapis.com/compute/v1/projects/adns-project-04/global/networks/default",
                "network_ip": "10.178.0.7",
                "subnetwork": "https://www.googleapis.com/compute/v1/projects/adns-project-04/regions/asia-northeast3/subnetworks/default",
                "subnetwork_project": "adns-project-04"
              }
            ],
            "project": "adns-project-04",
            "scheduling": [
              {
                "automatic_restart": true,
                "node_affinities": [],
                "on_host_maintenance": "MIGRATE",
                "preemptible": false
              }
            ],
            "scratch_disk": [],
            "self_link": "https://www.googleapis.com/compute/v1/projects/adns-project-04/zones/asia-northeast3-a/instances/terra-ansi-instance-10",
            "service_account": [],
            "shielded_instance_config": [
              {
                "enable_integrity_monitoring": true,
                "enable_secure_boot": false,
                "enable_vtpm": true
              }
            ],
            "tags": [
              "externalssh",
              "http-server",
              "https-server"
            ],
            "tags_fingerprint": "ZYYRvc7Twpc=",
            "timeouts": null,
            "zone": "asia-northeast3-a"
          },
          "sensitive_attributes": [],
          "private": "eyJlMmJmYjczMC1lY2FhLTExZTYtOGY4OC0zNDM2M2JjN2M0YzAiOnsiY3JlYXRlIjoxMjAwMDAwMDAwMDAwLCJkZWxldGUiOjEyMDAwMDAwMDAwMDAsInVwZGF0ZSI6MTIwMDAwMDAwMDAwMH0sInNjaGVtYV92ZXJzaW9uIjoiNiJ9"
        },
        {
          "index_key": "node_11",
          "schema_version": 6,
          "attributes": {
            "allow_stopping_for_update": null,
            "attached_disk": [],
            "boot_disk": [
              {
                "auto_delete": true,
                "device_name": "persistent-disk-0",
                "disk_encryption_key_raw": "",
                "disk_encryption_key_sha256": "",
                "initialize_params": [
                  {
                    "image": "https://www.googleapis.com/compute/v1/projects/debian-cloud/global/images/debian-10-buster-v20210122",
                    "labels": {},
                    "size": 50,
                    "type": "pd-standard"
                  }
                ],
                "kms_key_self_link": "",
                "mode": "READ_WRITE",
                "source": "https://www.googleapis.com/compute/v1/projects/adns-project-04/zones/asia-southeast1-a/disks/terra-ansi-instance-11"
              }
            ],
            "can_ip_forward": false,
            "cpu_platform": "Intel Broadwell",
            "deletion_protection": false,
            "description": "",
            "enable_display": false,
            "guest_accelerator": [],
            "hostname": "",
            "id": "projects/adns-project-04/zones/asia-southeast1-a/instances/terra-ansi-instance-11",
            "instance_id": "4284618511072570470",
            "label_fingerprint": "42WmSpB8rSM=",
            "labels": null,
            "machine_type": "e2-micro",
            "metadata": {
              "ssh-keys": "ssh_user:ssh-rsa AAAAB3NzaC1yc2EAAAADAQABAAABgQDfaLBY72/XHreQ8WwmbjeKtk0TJgJe5QQrVy6qHTvkW4QvvumOu8cxQsXkL13OsYU/pn3U2cDUIEFWd9UlViTFXKr3ekwyT35HZ//fyvVK0C2fUU/oOKvJl5YHjN42wOoGJPhHj6stADQQEWeLMJWfw9DHBrA+P7ArGf+c4c9tHdK3D1mkqYO3EBuedCtngLG8Ja02girb00lL0OEGkwf4orw9DcWq1Ei4pghhp/caaPU3gOCatyiwqJxVlnZejymNk+7Fv+Z8iYLg4edY8JNLawPNSNn4Ooo5PGIZ/UjpeD3a5GfOxPN9Mn/7KbSU0lpSF7u40qOzN5xXW4FBPerOMUjzVmrMz/eplRG3oF6A1ah6iy563vDx0tFlvNCakTHLdJtrehDdDe/t2J12BPWMWRuFLiRZc5ktNpuUG/GK6UIdFKLVG12PTbMoA3qZ5TQ2daNppID/lzSt6Lu322aaNDGeUq4UWY64zZGhzgjKvVaKJ9gjMgUx06SsnY87Wl8= ssh_user\n"
            },
            "metadata_fingerprint": "wKmXeEq5XvM=",
            "metadata_startup_script": "",
            "min_cpu_platform": "",
            "name": "terra-ansi-instance-11",
            "network_interface": [
              {
                "access_config": [
                  {
                    "nat_ip": "35.247.183.224",
                    "network_tier": "PREMIUM",
                    "public_ptr_domain_name": ""
                  }
                ],
                "alias_ip_range": [],
                "name": "nic0",
                "network": "https://www.googleapis.com/compute/v1/projects/adns-project-04/global/networks/default",
                "network_ip": "10.148.0.7",
                "subnetwork": "https://www.googleapis.com/compute/v1/projects/adns-project-04/regions/asia-southeast1/subnetworks/default",
                "subnetwork_project": "adns-project-04"
              }
            ],
            "project": "adns-project-04",
            "scheduling": [
              {
                "automatic_restart": true,
                "node_affinities": [],
                "on_host_maintenance": "MIGRATE",
                "preemptible": false
              }
            ],
            "scratch_disk": [],
            "self_link": "https://www.googleapis.com/compute/v1/projects/adns-project-04/zones/asia-southeast1-a/instances/terra-ansi-instance-11",
            "service_account": [],
            "shielded_instance_config": [
              {
                "enable_integrity_monitoring": true,
                "enable_secure_boot": false,
                "enable_vtpm": true
              }
            ],
            "tags": [
              "externalssh",
              "http-server",
              "https-server"
            ],
            "tags_fingerprint": "ZYYRvc7Twpc=",
            "timeouts": null,
            "zone": "asia-southeast1-a"
          },
          "sensitive_attributes": [],
          "private": "eyJlMmJmYjczMC1lY2FhLTExZTYtOGY4OC0zNDM2M2JjN2M0YzAiOnsiY3JlYXRlIjoxMjAwMDAwMDAwMDAwLCJkZWxldGUiOjEyMDAwMDAwMDAwMDAsInVwZGF0ZSI6MTIwMDAwMDAwMDAwMH0sInNjaGVtYV92ZXJzaW9uIjoiNiJ9"
        },
        {
          "index_key": "node_12",
          "schema_version": 6,
          "attributes": {
            "allow_stopping_for_update": null,
            "attached_disk": [],
            "boot_disk": [
              {
                "auto_delete": true,
                "device_name": "persistent-disk-0",
                "disk_encryption_key_raw": "",
                "disk_encryption_key_sha256": "",
                "initialize_params": [
                  {
                    "image": "https://www.googleapis.com/compute/v1/projects/debian-cloud/global/images/debian-10-buster-v20210122",
                    "labels": {},
                    "size": 50,
                    "type": "pd-standard"
                  }
                ],
                "kms_key_self_link": "",
                "mode": "READ_WRITE",
                "source": "https://www.googleapis.com/compute/v1/projects/adns-project-04/zones/australia-southeast1-a/disks/terra-ansi-instance-12"
              }
            ],
            "can_ip_forward": false,
            "cpu_platform": "Intel Broadwell",
            "deletion_protection": false,
            "description": "",
            "enable_display": false,
            "guest_accelerator": [],
            "hostname": "",
            "id": "projects/adns-project-04/zones/australia-southeast1-a/instances/terra-ansi-instance-12",
            "instance_id": "5921514634447891558",
            "label_fingerprint": "42WmSpB8rSM=",
            "labels": null,
            "machine_type": "e2-micro",
            "metadata": {
              "ssh-keys": "ssh_user:ssh-rsa AAAAB3NzaC1yc2EAAAADAQABAAABgQDfaLBY72/XHreQ8WwmbjeKtk0TJgJe5QQrVy6qHTvkW4QvvumOu8cxQsXkL13OsYU/pn3U2cDUIEFWd9UlViTFXKr3ekwyT35HZ//fyvVK0C2fUU/oOKvJl5YHjN42wOoGJPhHj6stADQQEWeLMJWfw9DHBrA+P7ArGf+c4c9tHdK3D1mkqYO3EBuedCtngLG8Ja02girb00lL0OEGkwf4orw9DcWq1Ei4pghhp/caaPU3gOCatyiwqJxVlnZejymNk+7Fv+Z8iYLg4edY8JNLawPNSNn4Ooo5PGIZ/UjpeD3a5GfOxPN9Mn/7KbSU0lpSF7u40qOzN5xXW4FBPerOMUjzVmrMz/eplRG3oF6A1ah6iy563vDx0tFlvNCakTHLdJtrehDdDe/t2J12BPWMWRuFLiRZc5ktNpuUG/GK6UIdFKLVG12PTbMoA3qZ5TQ2daNppID/lzSt6Lu322aaNDGeUq4UWY64zZGhzgjKvVaKJ9gjMgUx06SsnY87Wl8= ssh_user\n"
            },
            "metadata_fingerprint": "wKmXeEq5XvM=",
            "metadata_startup_script": "",
            "min_cpu_platform": "",
            "name": "terra-ansi-instance-12",
            "network_interface": [
              {
                "access_config": [
                  {
                    "nat_ip": "34.116.95.119",
                    "network_tier": "PREMIUM",
                    "public_ptr_domain_name": ""
                  }
                ],
                "alias_ip_range": [],
                "name": "nic0",
                "network": "https://www.googleapis.com/compute/v1/projects/adns-project-04/global/networks/default",
                "network_ip": "10.152.0.7",
                "subnetwork": "https://www.googleapis.com/compute/v1/projects/adns-project-04/regions/australia-southeast1/subnetworks/default",
                "subnetwork_project": "adns-project-04"
              }
            ],
            "project": "adns-project-04",
            "scheduling": [
              {
                "automatic_restart": true,
                "node_affinities": [],
                "on_host_maintenance": "MIGRATE",
                "preemptible": false
              }
            ],
            "scratch_disk": [],
            "self_link": "https://www.googleapis.com/compute/v1/projects/adns-project-04/zones/australia-southeast1-a/instances/terra-ansi-instance-12",
            "service_account": [],
            "shielded_instance_config": [
              {
                "enable_integrity_monitoring": true,
                "enable_secure_boot": false,
                "enable_vtpm": true
              }
            ],
            "tags": [
              "externalssh",
              "http-server",
              "https-server"
            ],
            "tags_fingerprint": "ZYYRvc7Twpc=",
            "timeouts": null,
            "zone": "australia-southeast1-a"
          },
          "sensitive_attributes": [],
          "private": "eyJlMmJmYjczMC1lY2FhLTExZTYtOGY4OC0zNDM2M2JjN2M0YzAiOnsiY3JlYXRlIjoxMjAwMDAwMDAwMDAwLCJkZWxldGUiOjEyMDAwMDAwMDAwMDAsInVwZGF0ZSI6MTIwMDAwMDAwMDAwMH0sInNjaGVtYV92ZXJzaW9uIjoiNiJ9"
        },
        {
          "index_key": "node_13",
          "schema_version": 6,
          "attributes": {
            "allow_stopping_for_update": null,
            "attached_disk": [],
            "boot_disk": [
              {
                "auto_delete": true,
                "device_name": "persistent-disk-0",
                "disk_encryption_key_raw": "",
                "disk_encryption_key_sha256": "",
                "initialize_params": [
                  {
                    "image": "https://www.googleapis.com/compute/v1/projects/debian-cloud/global/images/debian-10-buster-v20210122",
                    "labels": {},
                    "size": 50,
                    "type": "pd-standard"
                  }
                ],
                "kms_key_self_link": "",
                "mode": "READ_WRITE",
                "source": "https://www.googleapis.com/compute/v1/projects/adns-project-01-303514/zones/southamerica-east1-a/disks/terra-ansi-instance-13"
              }
            ],
            "can_ip_forward": false,
            "cpu_platform": "Intel Broadwell",
            "deletion_protection": false,
            "description": "",
            "enable_display": false,
            "guest_accelerator": [],
            "hostname": "",
            "id": "projects/adns-project-01-303514/zones/southamerica-east1-a/instances/terra-ansi-instance-13",
            "instance_id": "1422914404844514607",
            "label_fingerprint": "42WmSpB8rSM=",
            "labels": null,
            "machine_type": "e2-micro",
            "metadata": {
              "ssh-keys": "ssh_user:ssh-rsa AAAAB3NzaC1yc2EAAAADAQABAAABgQDfaLBY72/XHreQ8WwmbjeKtk0TJgJe5QQrVy6qHTvkW4QvvumOu8cxQsXkL13OsYU/pn3U2cDUIEFWd9UlViTFXKr3ekwyT35HZ//fyvVK0C2fUU/oOKvJl5YHjN42wOoGJPhHj6stADQQEWeLMJWfw9DHBrA+P7ArGf+c4c9tHdK3D1mkqYO3EBuedCtngLG8Ja02girb00lL0OEGkwf4orw9DcWq1Ei4pghhp/caaPU3gOCatyiwqJxVlnZejymNk+7Fv+Z8iYLg4edY8JNLawPNSNn4Ooo5PGIZ/UjpeD3a5GfOxPN9Mn/7KbSU0lpSF7u40qOzN5xXW4FBPerOMUjzVmrMz/eplRG3oF6A1ah6iy563vDx0tFlvNCakTHLdJtrehDdDe/t2J12BPWMWRuFLiRZc5ktNpuUG/GK6UIdFKLVG12PTbMoA3qZ5TQ2daNppID/lzSt6Lu322aaNDGeUq4UWY64zZGhzgjKvVaKJ9gjMgUx06SsnY87Wl8= ssh_user\n"
            },
            "metadata_fingerprint": "4-z_kd7JtZM=",
            "metadata_startup_script": "",
            "min_cpu_platform": "",
            "name": "terra-ansi-instance-13",
            "network_interface": [
              {
                "access_config": [
                  {
                    "nat_ip": "35.198.9.146",
                    "network_tier": "PREMIUM",
                    "public_ptr_domain_name": ""
                  }
                ],
                "alias_ip_range": [],
                "name": "nic0",
                "network": "https://www.googleapis.com/compute/v1/projects/adns-project-01-303514/global/networks/default",
                "network_ip": "10.158.0.7",
                "subnetwork": "https://www.googleapis.com/compute/v1/projects/adns-project-01-303514/regions/southamerica-east1/subnetworks/default",
                "subnetwork_project": "adns-project-01-303514"
              }
            ],
            "project": "adns-project-01-303514",
            "scheduling": [
              {
                "automatic_restart": true,
                "node_affinities": [],
                "on_host_maintenance": "MIGRATE",
                "preemptible": false
              }
            ],
            "scratch_disk": [],
            "self_link": "https://www.googleapis.com/compute/v1/projects/adns-project-01-303514/zones/southamerica-east1-a/instances/terra-ansi-instance-13",
            "service_account": [],
            "shielded_instance_config": [
              {
                "enable_integrity_monitoring": true,
                "enable_secure_boot": false,
                "enable_vtpm": true
              }
            ],
            "tags": [
              "externalssh",
              "http-server",
              "https-server"
            ],
            "tags_fingerprint": "ZYYRvc7Twpc=",
            "timeouts": null,
            "zone": "southamerica-east1-a"
          },
          "sensitive_attributes": [],
          "private": "eyJlMmJmYjczMC1lY2FhLTExZTYtOGY4OC0zNDM2M2JjN2M0YzAiOnsiY3JlYXRlIjoxMjAwMDAwMDAwMDAwLCJkZWxldGUiOjEyMDAwMDAwMDAwMDAsInVwZGF0ZSI6MTIwMDAwMDAwMDAwMH0sInNjaGVtYV92ZXJzaW9uIjoiNiJ9"
        },
        {
          "index_key": "node_14",
          "schema_version": 6,
          "attributes": {
            "allow_stopping_for_update": null,
            "attached_disk": [],
            "boot_disk": [
              {
                "auto_delete": true,
                "device_name": "persistent-disk-0",
                "disk_encryption_key_raw": "",
                "disk_encryption_key_sha256": "",
                "initialize_params": [
                  {
                    "image": "https://www.googleapis.com/compute/v1/projects/debian-cloud/global/images/debian-10-buster-v20210122",
                    "labels": {},
                    "size": 50,
                    "type": "pd-standard"
                  }
                ],
                "kms_key_self_link": "",
                "mode": "READ_WRITE",
                "source": "https://www.googleapis.com/compute/v1/projects/adns-project-01-303514/zones/northamerica-northeast1-a/disks/terra-ansi-instance-14"
              }
            ],
            "can_ip_forward": false,
            "cpu_platform": "Intel Skylake",
            "deletion_protection": false,
            "description": "",
            "enable_display": false,
            "guest_accelerator": [],
            "hostname": "",
            "id": "projects/adns-project-01-303514/zones/northamerica-northeast1-a/instances/terra-ansi-instance-14",
            "instance_id": "6730493306860154212",
            "label_fingerprint": "42WmSpB8rSM=",
            "labels": null,
            "machine_type": "e2-micro",
            "metadata": {
              "ssh-keys": "ssh_user:ssh-rsa AAAAB3NzaC1yc2EAAAADAQABAAABgQDfaLBY72/XHreQ8WwmbjeKtk0TJgJe5QQrVy6qHTvkW4QvvumOu8cxQsXkL13OsYU/pn3U2cDUIEFWd9UlViTFXKr3ekwyT35HZ//fyvVK0C2fUU/oOKvJl5YHjN42wOoGJPhHj6stADQQEWeLMJWfw9DHBrA+P7ArGf+c4c9tHdK3D1mkqYO3EBuedCtngLG8Ja02girb00lL0OEGkwf4orw9DcWq1Ei4pghhp/caaPU3gOCatyiwqJxVlnZejymNk+7Fv+Z8iYLg4edY8JNLawPNSNn4Ooo5PGIZ/UjpeD3a5GfOxPN9Mn/7KbSU0lpSF7u40qOzN5xXW4FBPerOMUjzVmrMz/eplRG3oF6A1ah6iy563vDx0tFlvNCakTHLdJtrehDdDe/t2J12BPWMWRuFLiRZc5ktNpuUG/GK6UIdFKLVG12PTbMoA3qZ5TQ2daNppID/lzSt6Lu322aaNDGeUq4UWY64zZGhzgjKvVaKJ9gjMgUx06SsnY87Wl8= ssh_user\n"
            },
            "metadata_fingerprint": "4-z_kd7JtZM=",
            "metadata_startup_script": "",
            "min_cpu_platform": "",
            "name": "terra-ansi-instance-14",
            "network_interface": [
              {
                "access_config": [
                  {
                    "nat_ip": "35.203.60.12",
                    "network_tier": "PREMIUM",
                    "public_ptr_domain_name": ""
                  }
                ],
                "alias_ip_range": [],
                "name": "nic0",
                "network": "https://www.googleapis.com/compute/v1/projects/adns-project-01-303514/global/networks/default",
                "network_ip": "10.162.0.7",
                "subnetwork": "https://www.googleapis.com/compute/v1/projects/adns-project-01-303514/regions/northamerica-northeast1/subnetworks/default",
                "subnetwork_project": "adns-project-01-303514"
              }
            ],
            "project": "adns-project-01-303514",
            "scheduling": [
              {
                "automatic_restart": true,
                "node_affinities": [],
                "on_host_maintenance": "MIGRATE",
                "preemptible": false
              }
            ],
            "scratch_disk": [],
            "self_link": "https://www.googleapis.com/compute/v1/projects/adns-project-01-303514/zones/northamerica-northeast1-a/instances/terra-ansi-instance-14",
            "service_account": [],
            "shielded_instance_config": [
              {
                "enable_integrity_monitoring": true,
                "enable_secure_boot": false,
                "enable_vtpm": true
              }
            ],
            "tags": [
              "externalssh",
              "http-server",
              "https-server"
            ],
            "tags_fingerprint": "ZYYRvc7Twpc=",
            "timeouts": null,
            "zone": "northamerica-northeast1-a"
          },
          "sensitive_attributes": [],
          "private": "eyJlMmJmYjczMC1lY2FhLTExZTYtOGY4OC0zNDM2M2JjN2M0YzAiOnsiY3JlYXRlIjoxMjAwMDAwMDAwMDAwLCJkZWxldGUiOjEyMDAwMDAwMDAwMDAsInVwZGF0ZSI6MTIwMDAwMDAwMDAwMH0sInNjaGVtYV92ZXJzaW9uIjoiNiJ9"
        }
      ]
    }
  ]
}
