{
  "version": 4,
  "terraform_version": "0.14.5",
  "serial": 609,
  "lineage": "86d7f3d0-1f2b-fc3d-b77f-c0f3af4bdcf9",
  "outputs": {},
  "resources": [
    {
      "mode": "managed",
      "type": "google_compute_instance",
      "name": "vm_instance",
      "provider": "provider[\"registry.terraform.io/hashicorp/google\"]",
      "instances": [
        {
          "index_key": "node_01",
          "schema_version": 6,
          "attributes": {
            "allow_stopping_for_update": null,
            "attached_disk": [],
            "boot_disk": [
              {
                "auto_delete": true,
                "device_name": "persistent-disk-0",
                "disk_encryption_key_raw": "",
                "disk_encryption_key_sha256": "",
                "initialize_params": [
                  {
                    "image": "https://www.googleapis.com/compute/v1/projects/debian-cloud/global/images/debian-10-buster-v20210316",
                    "labels": {},
                    "size": 50,
                    "type": "pd-standard"
                  }
                ],
                "kms_key_self_link": "",
                "mode": "READ_WRITE",
                "source": "https://www.googleapis.com/compute/v1/projects/fluid-mix-301105/zones/us-central1-c/disks/terra-ansi-instance-01"
              }
            ],
            "can_ip_forward": false,
            "cpu_platform": "Intel Haswell",
            "deletion_protection": false,
            "description": "",
            "enable_display": false,
            "guest_accelerator": [],
            "hostname": "",
            "id": "projects/fluid-mix-301105/zones/us-central1-c/instances/terra-ansi-instance-01",
            "instance_id": "2772012092641163977",
            "label_fingerprint": "42WmSpB8rSM=",
            "labels": null,
            "machine_type": "e2-micro",
            "metadata": {
              "ssh-keys": "ssh_user:ssh-rsa AAAAB3NzaC1yc2EAAAADAQABAAABgQDfaLBY72/XHreQ8WwmbjeKtk0TJgJe5QQrVy6qHTvkW4QvvumOu8cxQsXkL13OsYU/pn3U2cDUIEFWd9UlViTFXKr3ekwyT35HZ//fyvVK0C2fUU/oOKvJl5YHjN42wOoGJPhHj6stADQQEWeLMJWfw9DHBrA+P7ArGf+c4c9tHdK3D1mkqYO3EBuedCtngLG8Ja02girb00lL0OEGkwf4orw9DcWq1Ei4pghhp/caaPU3gOCatyiwqJxVlnZejymNk+7Fv+Z8iYLg4edY8JNLawPNSNn4Ooo5PGIZ/UjpeD3a5GfOxPN9Mn/7KbSU0lpSF7u40qOzN5xXW4FBPerOMUjzVmrMz/eplRG3oF6A1ah6iy563vDx0tFlvNCakTHLdJtrehDdDe/t2J12BPWMWRuFLiRZc5ktNpuUG/GK6UIdFKLVG12PTbMoA3qZ5TQ2daNppID/lzSt6Lu322aaNDGeUq4UWY64zZGhzgjKvVaKJ9gjMgUx06SsnY87Wl8= ssh_user\n"
            },
            "metadata_fingerprint": "MuFrhbm0Lk0=",
            "metadata_startup_script": "",
            "min_cpu_platform": "",
            "name": "terra-ansi-instance-01",
            "network_interface": [
              {
                "access_config": [
                  {
                    "nat_ip": "35.238.246.148",
                    "network_tier": "PREMIUM",
                    "public_ptr_domain_name": ""
                  }
                ],
                "alias_ip_range": [],
                "name": "nic0",
                "network": "https://www.googleapis.com/compute/v1/projects/fluid-mix-301105/global/networks/default",
                "network_ip": "10.128.0.29",
                "subnetwork": "https://www.googleapis.com/compute/v1/projects/fluid-mix-301105/regions/us-central1/subnetworks/default",
                "subnetwork_project": "fluid-mix-301105"
              }
            ],
            "project": "fluid-mix-301105",
            "scheduling": [
              {
                "automatic_restart": true,
                "node_affinities": [],
                "on_host_maintenance": "MIGRATE",
                "preemptible": false
              }
            ],
            "scratch_disk": [],
            "self_link": "https://www.googleapis.com/compute/v1/projects/fluid-mix-301105/zones/us-central1-c/instances/terra-ansi-instance-01",
            "service_account": [],
            "shielded_instance_config": [
              {
                "enable_integrity_monitoring": true,
                "enable_secure_boot": false,
                "enable_vtpm": true
              }
            ],
            "tags": [
              "externalssh",
              "http-server",
              "https-server"
            ],
            "tags_fingerprint": "ZYYRvc7Twpc=",
            "timeouts": null,
            "zone": "us-central1-c"
          },
          "sensitive_attributes": [],
          "private": "eyJlMmJmYjczMC1lY2FhLTExZTYtOGY4OC0zNDM2M2JjN2M0YzAiOnsiY3JlYXRlIjoxMjAwMDAwMDAwMDAwLCJkZWxldGUiOjEyMDAwMDAwMDAwMDAsInVwZGF0ZSI6MTIwMDAwMDAwMDAwMH0sInNjaGVtYV92ZXJzaW9uIjoiNiJ9"
        },
        {
          "index_key": "node_02",
          "schema_version": 6,
          "attributes": {
            "allow_stopping_for_update": null,
            "attached_disk": [],
            "boot_disk": [
              {
                "auto_delete": true,
                "device_name": "persistent-disk-0",
                "disk_encryption_key_raw": "",
                "disk_encryption_key_sha256": "",
                "initialize_params": [
                  {
                    "image": "https://www.googleapis.com/compute/v1/projects/debian-cloud/global/images/debian-10-buster-v20210316",
                    "labels": {},
                    "size": 50,
                    "type": "pd-standard"
                  }
                ],
                "kms_key_self_link": "",
                "mode": "READ_WRITE",
                "source": "https://www.googleapis.com/compute/v1/projects/fluid-mix-301105/zones/us-east1-b/disks/terra-ansi-instance-02"
              }
            ],
            "can_ip_forward": false,
            "cpu_platform": "Intel Haswell",
            "deletion_protection": false,
            "description": "",
            "enable_display": false,
            "guest_accelerator": [],
            "hostname": "",
            "id": "projects/fluid-mix-301105/zones/us-east1-b/instances/terra-ansi-instance-02",
            "instance_id": "4378197679431662281",
            "label_fingerprint": "42WmSpB8rSM=",
            "labels": null,
            "machine_type": "e2-micro",
            "metadata": {
              "ssh-keys": "ssh_user:ssh-rsa AAAAB3NzaC1yc2EAAAADAQABAAABgQDfaLBY72/XHreQ8WwmbjeKtk0TJgJe5QQrVy6qHTvkW4QvvumOu8cxQsXkL13OsYU/pn3U2cDUIEFWd9UlViTFXKr3ekwyT35HZ//fyvVK0C2fUU/oOKvJl5YHjN42wOoGJPhHj6stADQQEWeLMJWfw9DHBrA+P7ArGf+c4c9tHdK3D1mkqYO3EBuedCtngLG8Ja02girb00lL0OEGkwf4orw9DcWq1Ei4pghhp/caaPU3gOCatyiwqJxVlnZejymNk+7Fv+Z8iYLg4edY8JNLawPNSNn4Ooo5PGIZ/UjpeD3a5GfOxPN9Mn/7KbSU0lpSF7u40qOzN5xXW4FBPerOMUjzVmrMz/eplRG3oF6A1ah6iy563vDx0tFlvNCakTHLdJtrehDdDe/t2J12BPWMWRuFLiRZc5ktNpuUG/GK6UIdFKLVG12PTbMoA3qZ5TQ2daNppID/lzSt6Lu322aaNDGeUq4UWY64zZGhzgjKvVaKJ9gjMgUx06SsnY87Wl8= ssh_user\n"
            },
            "metadata_fingerprint": "MuFrhbm0Lk0=",
            "metadata_startup_script": "",
            "min_cpu_platform": "",
            "name": "terra-ansi-instance-02",
            "network_interface": [
              {
                "access_config": [
                  {
                    "nat_ip": "34.75.42.83",
                    "network_tier": "PREMIUM",
                    "public_ptr_domain_name": ""
                  }
                ],
                "alias_ip_range": [],
                "name": "nic0",
                "network": "https://www.googleapis.com/compute/v1/projects/fluid-mix-301105/global/networks/default",
                "network_ip": "10.142.15.210",
                "subnetwork": "https://www.googleapis.com/compute/v1/projects/fluid-mix-301105/regions/us-east1/subnetworks/default",
                "subnetwork_project": "fluid-mix-301105"
              }
            ],
            "project": "fluid-mix-301105",
            "scheduling": [
              {
                "automatic_restart": true,
                "node_affinities": [],
                "on_host_maintenance": "MIGRATE",
                "preemptible": false
              }
            ],
            "scratch_disk": [],
            "self_link": "https://www.googleapis.com/compute/v1/projects/fluid-mix-301105/zones/us-east1-b/instances/terra-ansi-instance-02",
            "service_account": [],
            "shielded_instance_config": [
              {
                "enable_integrity_monitoring": true,
                "enable_secure_boot": false,
                "enable_vtpm": true
              }
            ],
            "tags": [
              "externalssh",
              "http-server",
              "https-server"
            ],
            "tags_fingerprint": "ZYYRvc7Twpc=",
            "timeouts": null,
            "zone": "us-east1-b"
          },
          "sensitive_attributes": [],
          "private": "eyJlMmJmYjczMC1lY2FhLTExZTYtOGY4OC0zNDM2M2JjN2M0YzAiOnsiY3JlYXRlIjoxMjAwMDAwMDAwMDAwLCJkZWxldGUiOjEyMDAwMDAwMDAwMDAsInVwZGF0ZSI6MTIwMDAwMDAwMDAwMH0sInNjaGVtYV92ZXJzaW9uIjoiNiJ9"
        },
        {
          "index_key": "node_03",
          "schema_version": 6,
          "attributes": {
            "allow_stopping_for_update": null,
            "attached_disk": [],
            "boot_disk": [
              {
                "auto_delete": true,
                "device_name": "persistent-disk-0",
                "disk_encryption_key_raw": "",
                "disk_encryption_key_sha256": "",
                "initialize_params": [
                  {
                    "image": "https://www.googleapis.com/compute/v1/projects/debian-cloud/global/images/debian-10-buster-v20210316",
                    "labels": {},
                    "size": 50,
                    "type": "pd-standard"
                  }
                ],
                "kms_key_self_link": "",
                "mode": "READ_WRITE",
                "source": "https://www.googleapis.com/compute/v1/projects/fluid-mix-301105/zones/us-west3-a/disks/terra-ansi-instance-03"
              }
            ],
            "can_ip_forward": false,
            "cpu_platform": "Intel Skylake",
            "deletion_protection": false,
            "description": "",
            "enable_display": false,
            "guest_accelerator": [],
            "hostname": "",
            "id": "projects/fluid-mix-301105/zones/us-west3-a/instances/terra-ansi-instance-03",
            "instance_id": "7623064472494979785",
            "label_fingerprint": "42WmSpB8rSM=",
            "labels": null,
            "machine_type": "e2-micro",
            "metadata": {
              "ssh-keys": "ssh_user:ssh-rsa AAAAB3NzaC1yc2EAAAADAQABAAABgQDfaLBY72/XHreQ8WwmbjeKtk0TJgJe5QQrVy6qHTvkW4QvvumOu8cxQsXkL13OsYU/pn3U2cDUIEFWd9UlViTFXKr3ekwyT35HZ//fyvVK0C2fUU/oOKvJl5YHjN42wOoGJPhHj6stADQQEWeLMJWfw9DHBrA+P7ArGf+c4c9tHdK3D1mkqYO3EBuedCtngLG8Ja02girb00lL0OEGkwf4orw9DcWq1Ei4pghhp/caaPU3gOCatyiwqJxVlnZejymNk+7Fv+Z8iYLg4edY8JNLawPNSNn4Ooo5PGIZ/UjpeD3a5GfOxPN9Mn/7KbSU0lpSF7u40qOzN5xXW4FBPerOMUjzVmrMz/eplRG3oF6A1ah6iy563vDx0tFlvNCakTHLdJtrehDdDe/t2J12BPWMWRuFLiRZc5ktNpuUG/GK6UIdFKLVG12PTbMoA3qZ5TQ2daNppID/lzSt6Lu322aaNDGeUq4UWY64zZGhzgjKvVaKJ9gjMgUx06SsnY87Wl8= ssh_user\n"
            },
            "metadata_fingerprint": "MuFrhbm0Lk0=",
            "metadata_startup_script": "",
            "min_cpu_platform": "",
            "name": "terra-ansi-instance-03",
            "network_interface": [
              {
                "access_config": [
                  {
                    "nat_ip": "34.106.46.220",
                    "network_tier": "PREMIUM",
                    "public_ptr_domain_name": ""
                  }
                ],
                "alias_ip_range": [],
                "name": "nic0",
                "network": "https://www.googleapis.com/compute/v1/projects/fluid-mix-301105/global/networks/default",
                "network_ip": "10.180.15.200",
                "subnetwork": "https://www.googleapis.com/compute/v1/projects/fluid-mix-301105/regions/us-west3/subnetworks/default",
                "subnetwork_project": "fluid-mix-301105"
              }
            ],
            "project": "fluid-mix-301105",
            "scheduling": [
              {
                "automatic_restart": true,
                "node_affinities": [],
                "on_host_maintenance": "MIGRATE",
                "preemptible": false
              }
            ],
            "scratch_disk": [],
            "self_link": "https://www.googleapis.com/compute/v1/projects/fluid-mix-301105/zones/us-west3-a/instances/terra-ansi-instance-03",
            "service_account": [],
            "shielded_instance_config": [
              {
                "enable_integrity_monitoring": true,
                "enable_secure_boot": false,
                "enable_vtpm": true
              }
            ],
            "tags": [
              "externalssh",
              "http-server",
              "https-server"
            ],
            "tags_fingerprint": "ZYYRvc7Twpc=",
            "timeouts": null,
            "zone": "us-west3-a"
          },
          "sensitive_attributes": [],
          "private": "eyJlMmJmYjczMC1lY2FhLTExZTYtOGY4OC0zNDM2M2JjN2M0YzAiOnsiY3JlYXRlIjoxMjAwMDAwMDAwMDAwLCJkZWxldGUiOjEyMDAwMDAwMDAwMDAsInVwZGF0ZSI6MTIwMDAwMDAwMDAwMH0sInNjaGVtYV92ZXJzaW9uIjoiNiJ9"
        },
        {
          "index_key": "node_06",
          "schema_version": 6,
          "attributes": {
            "allow_stopping_for_update": null,
            "attached_disk": [],
            "boot_disk": [
              {
                "auto_delete": true,
                "device_name": "persistent-disk-0",
                "disk_encryption_key_raw": "",
                "disk_encryption_key_sha256": "",
                "initialize_params": [
                  {
                    "image": "https://www.googleapis.com/compute/v1/projects/debian-cloud/global/images/debian-10-buster-v20210316",
                    "labels": {},
                    "size": 50,
                    "type": "pd-standard"
                  }
                ],
                "kms_key_self_link": "",
                "mode": "READ_WRITE",
                "source": "https://www.googleapis.com/compute/v1/projects/adns-project-03/zones/europe-north1-a/disks/terra-ansi-instance-06"
              }
            ],
            "can_ip_forward": false,
            "cpu_platform": "Intel Skylake",
            "deletion_protection": false,
            "description": "",
            "enable_display": false,
            "guest_accelerator": [],
            "hostname": "",
            "id": "projects/adns-project-03/zones/europe-north1-a/instances/terra-ansi-instance-06",
            "instance_id": "4729449583891364553",
            "label_fingerprint": "42WmSpB8rSM=",
            "labels": null,
            "machine_type": "e2-micro",
            "metadata": {
              "ssh-keys": "ssh_user:ssh-rsa AAAAB3NzaC1yc2EAAAADAQABAAABgQDfaLBY72/XHreQ8WwmbjeKtk0TJgJe5QQrVy6qHTvkW4QvvumOu8cxQsXkL13OsYU/pn3U2cDUIEFWd9UlViTFXKr3ekwyT35HZ//fyvVK0C2fUU/oOKvJl5YHjN42wOoGJPhHj6stADQQEWeLMJWfw9DHBrA+P7ArGf+c4c9tHdK3D1mkqYO3EBuedCtngLG8Ja02girb00lL0OEGkwf4orw9DcWq1Ei4pghhp/caaPU3gOCatyiwqJxVlnZejymNk+7Fv+Z8iYLg4edY8JNLawPNSNn4Ooo5PGIZ/UjpeD3a5GfOxPN9Mn/7KbSU0lpSF7u40qOzN5xXW4FBPerOMUjzVmrMz/eplRG3oF6A1ah6iy563vDx0tFlvNCakTHLdJtrehDdDe/t2J12BPWMWRuFLiRZc5ktNpuUG/GK6UIdFKLVG12PTbMoA3qZ5TQ2daNppID/lzSt6Lu322aaNDGeUq4UWY64zZGhzgjKvVaKJ9gjMgUx06SsnY87Wl8= ssh_user\n"
            },
            "metadata_fingerprint": "ydQpIYTL5lI=",
            "metadata_startup_script": "",
            "min_cpu_platform": "",
            "name": "terra-ansi-instance-06",
            "network_interface": [
              {
                "access_config": [
                  {
                    "nat_ip": "35.228.87.157",
                    "network_tier": "PREMIUM",
                    "public_ptr_domain_name": ""
                  }
                ],
                "alias_ip_range": [],
                "name": "nic0",
                "network": "https://www.googleapis.com/compute/v1/projects/adns-project-03/global/networks/default",
                "network_ip": "10.166.15.204",
                "subnetwork": "https://www.googleapis.com/compute/v1/projects/adns-project-03/regions/europe-north1/subnetworks/default",
                "subnetwork_project": "adns-project-03"
              }
            ],
            "project": "adns-project-03",
            "scheduling": [
              {
                "automatic_restart": true,
                "node_affinities": [],
                "on_host_maintenance": "MIGRATE",
                "preemptible": false
              }
            ],
            "scratch_disk": [],
            "self_link": "https://www.googleapis.com/compute/v1/projects/adns-project-03/zones/europe-north1-a/instances/terra-ansi-instance-06",
            "service_account": [],
            "shielded_instance_config": [
              {
                "enable_integrity_monitoring": true,
                "enable_secure_boot": false,
                "enable_vtpm": true
              }
            ],
            "tags": [
              "externalssh",
              "http-server",
              "https-server"
            ],
            "tags_fingerprint": "ZYYRvc7Twpc=",
            "timeouts": null,
            "zone": "europe-north1-a"
          },
          "sensitive_attributes": [],
          "private": "eyJlMmJmYjczMC1lY2FhLTExZTYtOGY4OC0zNDM2M2JjN2M0YzAiOnsiY3JlYXRlIjoxMjAwMDAwMDAwMDAwLCJkZWxldGUiOjEyMDAwMDAwMDAwMDAsInVwZGF0ZSI6MTIwMDAwMDAwMDAwMH0sInNjaGVtYV92ZXJzaW9uIjoiNiJ9"
        },
        {
          "index_key": "node_08",
          "schema_version": 6,
          "attributes": {
            "allow_stopping_for_update": null,
            "attached_disk": [],
            "boot_disk": [
              {
                "auto_delete": true,
                "device_name": "persistent-disk-0",
                "disk_encryption_key_raw": "",
                "disk_encryption_key_sha256": "",
                "initialize_params": [
                  {
                    "image": "https://www.googleapis.com/compute/v1/projects/debian-cloud/global/images/debian-10-buster-v20210316",
                    "labels": {},
                    "size": 50,
                    "type": "pd-standard"
                  }
                ],
                "kms_key_self_link": "",
                "mode": "READ_WRITE",
                "source": "https://www.googleapis.com/compute/v1/projects/adns-project-03/zones/asia-east2-a/disks/terra-ansi-instance-08"
              }
            ],
            "can_ip_forward": false,
            "cpu_platform": "Intel Skylake",
            "deletion_protection": false,
            "description": "",
            "enable_display": false,
            "guest_accelerator": [],
            "hostname": "",
            "id": "projects/adns-project-03/zones/asia-east2-a/instances/terra-ansi-instance-08",
            "instance_id": "5431446277432195785",
            "label_fingerprint": "42WmSpB8rSM=",
            "labels": null,
            "machine_type": "e2-micro",
            "metadata": {
              "ssh-keys": "ssh_user:ssh-rsa AAAAB3NzaC1yc2EAAAADAQABAAABgQDfaLBY72/XHreQ8WwmbjeKtk0TJgJe5QQrVy6qHTvkW4QvvumOu8cxQsXkL13OsYU/pn3U2cDUIEFWd9UlViTFXKr3ekwyT35HZ//fyvVK0C2fUU/oOKvJl5YHjN42wOoGJPhHj6stADQQEWeLMJWfw9DHBrA+P7ArGf+c4c9tHdK3D1mkqYO3EBuedCtngLG8Ja02girb00lL0OEGkwf4orw9DcWq1Ei4pghhp/caaPU3gOCatyiwqJxVlnZejymNk+7Fv+Z8iYLg4edY8JNLawPNSNn4Ooo5PGIZ/UjpeD3a5GfOxPN9Mn/7KbSU0lpSF7u40qOzN5xXW4FBPerOMUjzVmrMz/eplRG3oF6A1ah6iy563vDx0tFlvNCakTHLdJtrehDdDe/t2J12BPWMWRuFLiRZc5ktNpuUG/GK6UIdFKLVG12PTbMoA3qZ5TQ2daNppID/lzSt6Lu322aaNDGeUq4UWY64zZGhzgjKvVaKJ9gjMgUx06SsnY87Wl8= ssh_user\n"
            },
            "metadata_fingerprint": "ydQpIYTL5lI=",
            "metadata_startup_script": "",
            "min_cpu_platform": "",
            "name": "terra-ansi-instance-08",
            "network_interface": [
              {
                "access_config": [
                  {
                    "nat_ip": "34.92.204.170",
                    "network_tier": "PREMIUM",
                    "public_ptr_domain_name": ""
                  }
                ],
                "alias_ip_range": [],
                "name": "nic0",
                "network": "https://www.googleapis.com/compute/v1/projects/adns-project-03/global/networks/default",
                "network_ip": "10.170.15.205",
                "subnetwork": "https://www.googleapis.com/compute/v1/projects/adns-project-03/regions/asia-east2/subnetworks/default",
                "subnetwork_project": "adns-project-03"
              }
            ],
            "project": "adns-project-03",
            "scheduling": [
              {
                "automatic_restart": true,
                "node_affinities": [],
                "on_host_maintenance": "MIGRATE",
                "preemptible": false
              }
            ],
            "scratch_disk": [],
            "self_link": "https://www.googleapis.com/compute/v1/projects/adns-project-03/zones/asia-east2-a/instances/terra-ansi-instance-08",
            "service_account": [],
            "shielded_instance_config": [
              {
                "enable_integrity_monitoring": true,
                "enable_secure_boot": false,
                "enable_vtpm": true
              }
            ],
            "tags": [
              "externalssh",
              "http-server",
              "https-server"
            ],
            "tags_fingerprint": "ZYYRvc7Twpc=",
            "timeouts": null,
            "zone": "asia-east2-a"
          },
          "sensitive_attributes": [],
          "private": "eyJlMmJmYjczMC1lY2FhLTExZTYtOGY4OC0zNDM2M2JjN2M0YzAiOnsiY3JlYXRlIjoxMjAwMDAwMDAwMDAwLCJkZWxldGUiOjEyMDAwMDAwMDAwMDAsInVwZGF0ZSI6MTIwMDAwMDAwMDAwMH0sInNjaGVtYV92ZXJzaW9uIjoiNiJ9"
        },
        {
          "index_key": "node_09",
          "schema_version": 6,
          "attributes": {
            "allow_stopping_for_update": null,
            "attached_disk": [],
            "boot_disk": [
              {
                "auto_delete": true,
                "device_name": "persistent-disk-0",
                "disk_encryption_key_raw": "",
                "disk_encryption_key_sha256": "",
                "initialize_params": [
                  {
                    "image": "https://www.googleapis.com/compute/v1/projects/debian-cloud/global/images/debian-10-buster-v20210316",
                    "labels": {},
                    "size": 50,
                    "type": "pd-standard"
                  }
                ],
                "kms_key_self_link": "",
                "mode": "READ_WRITE",
                "source": "https://www.googleapis.com/compute/v1/projects/adns-project-04/zones/asia-northeast1-a/disks/terra-ansi-instance-09"
              }
            ],
            "can_ip_forward": false,
            "cpu_platform": "Intel Broadwell",
            "deletion_protection": false,
            "description": "",
            "enable_display": false,
            "guest_accelerator": [],
            "hostname": "",
            "id": "projects/adns-project-04/zones/asia-northeast1-a/instances/terra-ansi-instance-09",
            "instance_id": "7482389132316424905",
            "label_fingerprint": "42WmSpB8rSM=",
            "labels": null,
            "machine_type": "e2-micro",
            "metadata": {
              "ssh-keys": "ssh_user:ssh-rsa AAAAB3NzaC1yc2EAAAADAQABAAABgQDfaLBY72/XHreQ8WwmbjeKtk0TJgJe5QQrVy6qHTvkW4QvvumOu8cxQsXkL13OsYU/pn3U2cDUIEFWd9UlViTFXKr3ekwyT35HZ//fyvVK0C2fUU/oOKvJl5YHjN42wOoGJPhHj6stADQQEWeLMJWfw9DHBrA+P7ArGf+c4c9tHdK3D1mkqYO3EBuedCtngLG8Ja02girb00lL0OEGkwf4orw9DcWq1Ei4pghhp/caaPU3gOCatyiwqJxVlnZejymNk+7Fv+Z8iYLg4edY8JNLawPNSNn4Ooo5PGIZ/UjpeD3a5GfOxPN9Mn/7KbSU0lpSF7u40qOzN5xXW4FBPerOMUjzVmrMz/eplRG3oF6A1ah6iy563vDx0tFlvNCakTHLdJtrehDdDe/t2J12BPWMWRuFLiRZc5ktNpuUG/GK6UIdFKLVG12PTbMoA3qZ5TQ2daNppID/lzSt6Lu322aaNDGeUq4UWY64zZGhzgjKvVaKJ9gjMgUx06SsnY87Wl8= ssh_user\n"
            },
            "metadata_fingerprint": "wKmXeEq5XvM=",
            "metadata_startup_script": "",
            "min_cpu_platform": "",
            "name": "terra-ansi-instance-09",
            "network_interface": [
              {
                "access_config": [
                  {
                    "nat_ip": "35.194.124.189",
                    "network_tier": "PREMIUM",
                    "public_ptr_domain_name": ""
                  }
                ],
                "alias_ip_range": [],
                "name": "nic0",
                "network": "https://www.googleapis.com/compute/v1/projects/adns-project-04/global/networks/default",
                "network_ip": "10.146.15.205",
                "subnetwork": "https://www.googleapis.com/compute/v1/projects/adns-project-04/regions/asia-northeast1/subnetworks/default",
                "subnetwork_project": "adns-project-04"
              }
            ],
            "project": "adns-project-04",
            "scheduling": [
              {
                "automatic_restart": true,
                "node_affinities": [],
                "on_host_maintenance": "MIGRATE",
                "preemptible": false
              }
            ],
            "scratch_disk": [],
            "self_link": "https://www.googleapis.com/compute/v1/projects/adns-project-04/zones/asia-northeast1-a/instances/terra-ansi-instance-09",
            "service_account": [],
            "shielded_instance_config": [
              {
                "enable_integrity_monitoring": true,
                "enable_secure_boot": false,
                "enable_vtpm": true
              }
            ],
            "tags": [
              "externalssh",
              "http-server",
              "https-server"
            ],
            "tags_fingerprint": "ZYYRvc7Twpc=",
            "timeouts": null,
            "zone": "asia-northeast1-a"
          },
          "sensitive_attributes": [],
          "private": "eyJlMmJmYjczMC1lY2FhLTExZTYtOGY4OC0zNDM2M2JjN2M0YzAiOnsiY3JlYXRlIjoxMjAwMDAwMDAwMDAwLCJkZWxldGUiOjEyMDAwMDAwMDAwMDAsInVwZGF0ZSI6MTIwMDAwMDAwMDAwMH0sInNjaGVtYV92ZXJzaW9uIjoiNiJ9"
        },
        {
          "index_key": "node_10",
          "schema_version": 6,
          "attributes": {
            "allow_stopping_for_update": null,
            "attached_disk": [],
            "boot_disk": [
              {
                "auto_delete": true,
                "device_name": "persistent-disk-0",
                "disk_encryption_key_raw": "",
                "disk_encryption_key_sha256": "",
                "initialize_params": [
                  {
                    "image": "https://www.googleapis.com/compute/v1/projects/debian-cloud/global/images/debian-10-buster-v20210316",
                    "labels": {},
                    "size": 50,
                    "type": "pd-standard"
                  }
                ],
                "kms_key_self_link": "",
                "mode": "READ_WRITE",
                "source": "https://www.googleapis.com/compute/v1/projects/adns-project-04/zones/asia-northeast3-a/disks/terra-ansi-instance-10"
              }
            ],
            "can_ip_forward": false,
            "cpu_platform": "Intel Skylake",
            "deletion_protection": false,
            "description": "",
            "enable_display": false,
            "guest_accelerator": [],
            "hostname": "",
            "id": "projects/adns-project-04/zones/asia-northeast3-a/instances/terra-ansi-instance-10",
            "instance_id": "1730703074226780873",
            "label_fingerprint": "42WmSpB8rSM=",
            "labels": null,
            "machine_type": "e2-micro",
            "metadata": {
              "ssh-keys": "ssh_user:ssh-rsa AAAAB3NzaC1yc2EAAAADAQABAAABgQDfaLBY72/XHreQ8WwmbjeKtk0TJgJe5QQrVy6qHTvkW4QvvumOu8cxQsXkL13OsYU/pn3U2cDUIEFWd9UlViTFXKr3ekwyT35HZ//fyvVK0C2fUU/oOKvJl5YHjN42wOoGJPhHj6stADQQEWeLMJWfw9DHBrA+P7ArGf+c4c9tHdK3D1mkqYO3EBuedCtngLG8Ja02girb00lL0OEGkwf4orw9DcWq1Ei4pghhp/caaPU3gOCatyiwqJxVlnZejymNk+7Fv+Z8iYLg4edY8JNLawPNSNn4Ooo5PGIZ/UjpeD3a5GfOxPN9Mn/7KbSU0lpSF7u40qOzN5xXW4FBPerOMUjzVmrMz/eplRG3oF6A1ah6iy563vDx0tFlvNCakTHLdJtrehDdDe/t2J12BPWMWRuFLiRZc5ktNpuUG/GK6UIdFKLVG12PTbMoA3qZ5TQ2daNppID/lzSt6Lu322aaNDGeUq4UWY64zZGhzgjKvVaKJ9gjMgUx06SsnY87Wl8= ssh_user\n"
            },
            "metadata_fingerprint": "wKmXeEq5XvM=",
            "metadata_startup_script": "",
            "min_cpu_platform": "",
            "name": "terra-ansi-instance-10",
            "network_interface": [
              {
                "access_config": [
                  {
                    "nat_ip": "34.64.147.144",
                    "network_tier": "PREMIUM",
                    "public_ptr_domain_name": ""
                  }
                ],
                "alias_ip_range": [],
                "name": "nic0",
                "network": "https://www.googleapis.com/compute/v1/projects/adns-project-04/global/networks/default",
                "network_ip": "10.178.15.209",
                "subnetwork": "https://www.googleapis.com/compute/v1/projects/adns-project-04/regions/asia-northeast3/subnetworks/default",
                "subnetwork_project": "adns-project-04"
              }
            ],
            "project": "adns-project-04",
            "scheduling": [
              {
                "automatic_restart": true,
                "node_affinities": [],
                "on_host_maintenance": "MIGRATE",
                "preemptible": false
              }
            ],
            "scratch_disk": [],
            "self_link": "https://www.googleapis.com/compute/v1/projects/adns-project-04/zones/asia-northeast3-a/instances/terra-ansi-instance-10",
            "service_account": [],
            "shielded_instance_config": [
              {
                "enable_integrity_monitoring": true,
                "enable_secure_boot": false,
                "enable_vtpm": true
              }
            ],
            "tags": [
              "externalssh",
              "http-server",
              "https-server"
            ],
            "tags_fingerprint": "ZYYRvc7Twpc=",
            "timeouts": null,
            "zone": "asia-northeast3-a"
          },
          "sensitive_attributes": [],
          "private": "eyJlMmJmYjczMC1lY2FhLTExZTYtOGY4OC0zNDM2M2JjN2M0YzAiOnsiY3JlYXRlIjoxMjAwMDAwMDAwMDAwLCJkZWxldGUiOjEyMDAwMDAwMDAwMDAsInVwZGF0ZSI6MTIwMDAwMDAwMDAwMH0sInNjaGVtYV92ZXJzaW9uIjoiNiJ9"
        },
        {
          "index_key": "node_11",
          "schema_version": 6,
          "attributes": {
            "allow_stopping_for_update": null,
            "attached_disk": [],
            "boot_disk": [
              {
                "auto_delete": true,
                "device_name": "persistent-disk-0",
                "disk_encryption_key_raw": "",
                "disk_encryption_key_sha256": "",
                "initialize_params": [
                  {
                    "image": "https://www.googleapis.com/compute/v1/projects/debian-cloud/global/images/debian-10-buster-v20210316",
                    "labels": {},
                    "size": 50,
                    "type": "pd-standard"
                  }
                ],
                "kms_key_self_link": "",
                "mode": "READ_WRITE",
                "source": "https://www.googleapis.com/compute/v1/projects/adns-project-04/zones/asia-southeast1-a/disks/terra-ansi-instance-11"
              }
            ],
            "can_ip_forward": false,
            "cpu_platform": "Intel Broadwell",
            "deletion_protection": false,
            "description": "",
            "enable_display": false,
            "guest_accelerator": [],
            "hostname": "",
            "id": "projects/adns-project-04/zones/asia-southeast1-a/instances/terra-ansi-instance-11",
            "instance_id": "1798858265274530505",
            "label_fingerprint": "42WmSpB8rSM=",
            "labels": null,
            "machine_type": "e2-micro",
            "metadata": {
              "ssh-keys": "ssh_user:ssh-rsa AAAAB3NzaC1yc2EAAAADAQABAAABgQDfaLBY72/XHreQ8WwmbjeKtk0TJgJe5QQrVy6qHTvkW4QvvumOu8cxQsXkL13OsYU/pn3U2cDUIEFWd9UlViTFXKr3ekwyT35HZ//fyvVK0C2fUU/oOKvJl5YHjN42wOoGJPhHj6stADQQEWeLMJWfw9DHBrA+P7ArGf+c4c9tHdK3D1mkqYO3EBuedCtngLG8Ja02girb00lL0OEGkwf4orw9DcWq1Ei4pghhp/caaPU3gOCatyiwqJxVlnZejymNk+7Fv+Z8iYLg4edY8JNLawPNSNn4Ooo5PGIZ/UjpeD3a5GfOxPN9Mn/7KbSU0lpSF7u40qOzN5xXW4FBPerOMUjzVmrMz/eplRG3oF6A1ah6iy563vDx0tFlvNCakTHLdJtrehDdDe/t2J12BPWMWRuFLiRZc5ktNpuUG/GK6UIdFKLVG12PTbMoA3qZ5TQ2daNppID/lzSt6Lu322aaNDGeUq4UWY64zZGhzgjKvVaKJ9gjMgUx06SsnY87Wl8= ssh_user\n"
            },
            "metadata_fingerprint": "wKmXeEq5XvM=",
            "metadata_startup_script": "",
            "min_cpu_platform": "",
            "name": "terra-ansi-instance-11",
            "network_interface": [
              {
                "access_config": [
                  {
                    "nat_ip": "34.87.124.229",
                    "network_tier": "PREMIUM",
                    "public_ptr_domain_name": ""
                  }
                ],
                "alias_ip_range": [],
                "name": "nic0",
                "network": "https://www.googleapis.com/compute/v1/projects/adns-project-04/global/networks/default",
                "network_ip": "10.148.15.207",
                "subnetwork": "https://www.googleapis.com/compute/v1/projects/adns-project-04/regions/asia-southeast1/subnetworks/default",
                "subnetwork_project": "adns-project-04"
              }
            ],
            "project": "adns-project-04",
            "scheduling": [
              {
                "automatic_restart": true,
                "node_affinities": [],
                "on_host_maintenance": "MIGRATE",
                "preemptible": false
              }
            ],
            "scratch_disk": [],
            "self_link": "https://www.googleapis.com/compute/v1/projects/adns-project-04/zones/asia-southeast1-a/instances/terra-ansi-instance-11",
            "service_account": [],
            "shielded_instance_config": [
              {
                "enable_integrity_monitoring": true,
                "enable_secure_boot": false,
                "enable_vtpm": true
              }
            ],
            "tags": [
              "externalssh",
              "http-server",
              "https-server"
            ],
            "tags_fingerprint": "ZYYRvc7Twpc=",
            "timeouts": null,
            "zone": "asia-southeast1-a"
          },
          "sensitive_attributes": [],
          "private": "eyJlMmJmYjczMC1lY2FhLTExZTYtOGY4OC0zNDM2M2JjN2M0YzAiOnsiY3JlYXRlIjoxMjAwMDAwMDAwMDAwLCJkZWxldGUiOjEyMDAwMDAwMDAwMDAsInVwZGF0ZSI6MTIwMDAwMDAwMDAwMH0sInNjaGVtYV92ZXJzaW9uIjoiNiJ9"
        },
        {
          "index_key": "node_12",
          "schema_version": 6,
          "attributes": {
            "allow_stopping_for_update": null,
            "attached_disk": [],
            "boot_disk": [
              {
                "auto_delete": true,
                "device_name": "persistent-disk-0",
                "disk_encryption_key_raw": "",
                "disk_encryption_key_sha256": "",
                "initialize_params": [
                  {
                    "image": "https://www.googleapis.com/compute/v1/projects/debian-cloud/global/images/debian-10-buster-v20210316",
                    "labels": {},
                    "size": 50,
                    "type": "pd-standard"
                  }
                ],
                "kms_key_self_link": "",
                "mode": "READ_WRITE",
                "source": "https://www.googleapis.com/compute/v1/projects/adns-project-04/zones/australia-southeast1-a/disks/terra-ansi-instance-12"
              }
            ],
            "can_ip_forward": false,
            "cpu_platform": "Intel Broadwell",
            "deletion_protection": false,
            "description": "",
            "enable_display": false,
            "guest_accelerator": [],
            "hostname": "",
            "id": "projects/adns-project-04/zones/australia-southeast1-a/instances/terra-ansi-instance-12",
            "instance_id": "7707471785431055049",
            "label_fingerprint": "42WmSpB8rSM=",
            "labels": null,
            "machine_type": "e2-micro",
            "metadata": {
              "ssh-keys": "ssh_user:ssh-rsa AAAAB3NzaC1yc2EAAAADAQABAAABgQDfaLBY72/XHreQ8WwmbjeKtk0TJgJe5QQrVy6qHTvkW4QvvumOu8cxQsXkL13OsYU/pn3U2cDUIEFWd9UlViTFXKr3ekwyT35HZ//fyvVK0C2fUU/oOKvJl5YHjN42wOoGJPhHj6stADQQEWeLMJWfw9DHBrA+P7ArGf+c4c9tHdK3D1mkqYO3EBuedCtngLG8Ja02girb00lL0OEGkwf4orw9DcWq1Ei4pghhp/caaPU3gOCatyiwqJxVlnZejymNk+7Fv+Z8iYLg4edY8JNLawPNSNn4Ooo5PGIZ/UjpeD3a5GfOxPN9Mn/7KbSU0lpSF7u40qOzN5xXW4FBPerOMUjzVmrMz/eplRG3oF6A1ah6iy563vDx0tFlvNCakTHLdJtrehDdDe/t2J12BPWMWRuFLiRZc5ktNpuUG/GK6UIdFKLVG12PTbMoA3qZ5TQ2daNppID/lzSt6Lu322aaNDGeUq4UWY64zZGhzgjKvVaKJ9gjMgUx06SsnY87Wl8= ssh_user\n"
            },
            "metadata_fingerprint": "wKmXeEq5XvM=",
            "metadata_startup_script": "",
            "min_cpu_platform": "",
            "name": "terra-ansi-instance-12",
            "network_interface": [
              {
                "access_config": [
                  {
                    "nat_ip": "35.197.173.0",
                    "network_tier": "PREMIUM",
                    "public_ptr_domain_name": ""
                  }
                ],
                "alias_ip_range": [],
                "name": "nic0",
                "network": "https://www.googleapis.com/compute/v1/projects/adns-project-04/global/networks/default",
                "network_ip": "10.152.15.205",
                "subnetwork": "https://www.googleapis.com/compute/v1/projects/adns-project-04/regions/australia-southeast1/subnetworks/default",
                "subnetwork_project": "adns-project-04"
              }
            ],
            "project": "adns-project-04",
            "scheduling": [
              {
                "automatic_restart": true,
                "node_affinities": [],
                "on_host_maintenance": "MIGRATE",
                "preemptible": false
              }
            ],
            "scratch_disk": [],
            "self_link": "https://www.googleapis.com/compute/v1/projects/adns-project-04/zones/australia-southeast1-a/instances/terra-ansi-instance-12",
            "service_account": [],
            "shielded_instance_config": [
              {
                "enable_integrity_monitoring": true,
                "enable_secure_boot": false,
                "enable_vtpm": true
              }
            ],
            "tags": [
              "externalssh",
              "http-server",
              "https-server"
            ],
            "tags_fingerprint": "ZYYRvc7Twpc=",
            "timeouts": null,
            "zone": "australia-southeast1-a"
          },
          "sensitive_attributes": [],
          "private": "eyJlMmJmYjczMC1lY2FhLTExZTYtOGY4OC0zNDM2M2JjN2M0YzAiOnsiY3JlYXRlIjoxMjAwMDAwMDAwMDAwLCJkZWxldGUiOjEyMDAwMDAwMDAwMDAsInVwZGF0ZSI6MTIwMDAwMDAwMDAwMH0sInNjaGVtYV92ZXJzaW9uIjoiNiJ9"
        },
        {
          "index_key": "node_13",
          "schema_version": 6,
          "attributes": {
            "allow_stopping_for_update": null,
            "attached_disk": [],
            "boot_disk": [
              {
                "auto_delete": true,
                "device_name": "persistent-disk-0",
                "disk_encryption_key_raw": "",
                "disk_encryption_key_sha256": "",
                "initialize_params": [
                  {
                    "image": "https://www.googleapis.com/compute/v1/projects/debian-cloud/global/images/debian-10-buster-v20210316",
                    "labels": {},
                    "size": 50,
                    "type": "pd-standard"
                  }
                ],
                "kms_key_self_link": "",
                "mode": "READ_WRITE",
                "source": "https://www.googleapis.com/compute/v1/projects/fluent-spring-308006/zones/southamerica-east1-a/disks/terra-ansi-instance-13"
              }
            ],
            "can_ip_forward": false,
            "cpu_platform": "Intel Broadwell",
            "deletion_protection": false,
            "description": "",
            "enable_display": false,
            "guest_accelerator": [],
            "hostname": "",
            "id": "projects/fluent-spring-308006/zones/southamerica-east1-a/instances/terra-ansi-instance-13",
            "instance_id": "7179642514028542665",
            "label_fingerprint": "42WmSpB8rSM=",
            "labels": null,
            "machine_type": "e2-micro",
            "metadata": {
              "ssh-keys": "ssh_user:ssh-rsa AAAAB3NzaC1yc2EAAAADAQABAAABgQDfaLBY72/XHreQ8WwmbjeKtk0TJgJe5QQrVy6qHTvkW4QvvumOu8cxQsXkL13OsYU/pn3U2cDUIEFWd9UlViTFXKr3ekwyT35HZ//fyvVK0C2fUU/oOKvJl5YHjN42wOoGJPhHj6stADQQEWeLMJWfw9DHBrA+P7ArGf+c4c9tHdK3D1mkqYO3EBuedCtngLG8Ja02girb00lL0OEGkwf4orw9DcWq1Ei4pghhp/caaPU3gOCatyiwqJxVlnZejymNk+7Fv+Z8iYLg4edY8JNLawPNSNn4Ooo5PGIZ/UjpeD3a5GfOxPN9Mn/7KbSU0lpSF7u40qOzN5xXW4FBPerOMUjzVmrMz/eplRG3oF6A1ah6iy563vDx0tFlvNCakTHLdJtrehDdDe/t2J12BPWMWRuFLiRZc5ktNpuUG/GK6UIdFKLVG12PTbMoA3qZ5TQ2daNppID/lzSt6Lu322aaNDGeUq4UWY64zZGhzgjKvVaKJ9gjMgUx06SsnY87Wl8= ssh_user\n"
            },
            "metadata_fingerprint": "5UmnUOaGBSc=",
            "metadata_startup_script": "",
            "min_cpu_platform": "",
            "name": "terra-ansi-instance-13",
            "network_interface": [
              {
                "access_config": [
                  {
                    "nat_ip": "34.95.233.238",
                    "network_tier": "PREMIUM",
                    "public_ptr_domain_name": ""
                  }
                ],
                "alias_ip_range": [],
                "name": "nic0",
                "network": "https://www.googleapis.com/compute/v1/projects/fluent-spring-308006/global/networks/default",
                "network_ip": "10.158.0.22",
                "subnetwork": "https://www.googleapis.com/compute/v1/projects/fluent-spring-308006/regions/southamerica-east1/subnetworks/default",
                "subnetwork_project": "fluent-spring-308006"
              }
            ],
            "project": "fluent-spring-308006",
            "scheduling": [
              {
                "automatic_restart": true,
                "node_affinities": [],
                "on_host_maintenance": "MIGRATE",
                "preemptible": false
              }
            ],
            "scratch_disk": [],
            "self_link": "https://www.googleapis.com/compute/v1/projects/fluent-spring-308006/zones/southamerica-east1-a/instances/terra-ansi-instance-13",
            "service_account": [],
            "shielded_instance_config": [
              {
                "enable_integrity_monitoring": true,
                "enable_secure_boot": false,
                "enable_vtpm": true
              }
            ],
            "tags": [
              "externalssh",
              "http-server",
              "https-server"
            ],
            "tags_fingerprint": "ZYYRvc7Twpc=",
            "timeouts": null,
            "zone": "southamerica-east1-a"
          },
          "sensitive_attributes": [],
          "private": "eyJlMmJmYjczMC1lY2FhLTExZTYtOGY4OC0zNDM2M2JjN2M0YzAiOnsiY3JlYXRlIjoxMjAwMDAwMDAwMDAwLCJkZWxldGUiOjEyMDAwMDAwMDAwMDAsInVwZGF0ZSI6MTIwMDAwMDAwMDAwMH0sInNjaGVtYV92ZXJzaW9uIjoiNiJ9"
        }
      ]
    }
  ]
}
